// !$*UTF8*$!
{
	archiveVersion = 1;
	classes = {
	};
	objectVersion = 46;
	objects = {

/* Begin PBXBuildFile section */
		5703C8FD17FB2E8600340FA5 /* AFHTTPRequestOperation.m in Sources */ = {isa = PBXBuildFile; fileRef = 5703C8EB17FB2E8600340FA5 /* AFHTTPRequestOperation.m */; };
		5703C8FE17FB2E8600340FA5 /* AFHTTPRequestOperationManager.m in Sources */ = {isa = PBXBuildFile; fileRef = 5703C8ED17FB2E8600340FA5 /* AFHTTPRequestOperationManager.m */; };
		5703C8FF17FB2E8600340FA5 /* AFHTTPSessionManager.m in Sources */ = {isa = PBXBuildFile; fileRef = 5703C8EF17FB2E8600340FA5 /* AFHTTPSessionManager.m */; };
		5703C90017FB2E8600340FA5 /* AFNetworkReachabilityManager.m in Sources */ = {isa = PBXBuildFile; fileRef = 5703C8F217FB2E8600340FA5 /* AFNetworkReachabilityManager.m */; };
		5703C90117FB2E8600340FA5 /* AFSecurityPolicy.m in Sources */ = {isa = PBXBuildFile; fileRef = 5703C8F417FB2E8600340FA5 /* AFSecurityPolicy.m */; };
		5703C90217FB2E8600340FA5 /* AFURLConnectionOperation.m in Sources */ = {isa = PBXBuildFile; fileRef = 5703C8F617FB2E8600340FA5 /* AFURLConnectionOperation.m */; };
		5703C90317FB2E8600340FA5 /* AFURLRequestSerialization.m in Sources */ = {isa = PBXBuildFile; fileRef = 5703C8F817FB2E8600340FA5 /* AFURLRequestSerialization.m */; };
		5703C90417FB2E8600340FA5 /* AFURLResponseSerialization.m in Sources */ = {isa = PBXBuildFile; fileRef = 5703C8FA17FB2E8600340FA5 /* AFURLResponseSerialization.m */; };
		5703C90517FB2E8600340FA5 /* AFURLSessionManager.m in Sources */ = {isa = PBXBuildFile; fileRef = 5703C8FC17FB2E8600340FA5 /* AFURLSessionManager.m */; };
		570D882218414A860044FCB8 /* XCTest.framework in Frameworks */ = {isa = PBXBuildFile; fileRef = 570D882118414A860044FCB8 /* XCTest.framework */; };
		570D882318414A860044FCB8 /* Foundation.framework in Frameworks */ = {isa = PBXBuildFile; fileRef = 8417058D14C75EA100ACF050 /* Foundation.framework */; };
		570D882418414A860044FCB8 /* UIKit.framework in Frameworks */ = {isa = PBXBuildFile; fileRef = 8417058B14C75EA100ACF050 /* UIKit.framework */; };
		570D882A18414A860044FCB8 /* InfoPlist.strings in Resources */ = {isa = PBXBuildFile; fileRef = 570D882818414A860044FCB8 /* InfoPlist.strings */; };
		570D882C18414A860044FCB8 /* SnapFreshTests.m in Sources */ = {isa = PBXBuildFile; fileRef = 570D882B18414A860044FCB8 /* SnapFreshTests.m */; };
		57141A76183B454700852773 /* Images.xcassets in Resources */ = {isa = PBXBuildFile; fileRef = 57141A75183B454700852773 /* Images.xcassets */; };
		57D1F791180B39F700E89CDD /* libTestFlight.a in Frameworks */ = {isa = PBXBuildFile; fileRef = 57D1F78B180B39F700E89CDD /* libTestFlight.a */; };
		57D1F792180B39F700E89CDD /* README.md in Resources */ = {isa = PBXBuildFile; fileRef = 57D1F78C180B39F700E89CDD /* README.md */; };
		57D1F793180B39F700E89CDD /* release_notes.md in Resources */ = {isa = PBXBuildFile; fileRef = 57D1F78D180B39F700E89CDD /* release_notes.md */; };
		57D1F795180B3AE200E89CDD /* libz.dylib in Frameworks */ = {isa = PBXBuildFile; fileRef = 57D1F794180B3AE200E89CDD /* libz.dylib */; };
		8406DF9D166503880039066D /* Credits.plist in Resources */ = {isa = PBXBuildFile; fileRef = 8406DF9F166503880039066D /* Credits.plist */; };
		8408F89E16031BF60008639E /* CFNetwork.framework in Frameworks */ = {isa = PBXBuildFile; fileRef = 8408F89D16031BF60008639E /* CFNetwork.framework */; };
		840B35961708FE76002EBDF4 /* MDAboutController.m in Sources */ = {isa = PBXBuildFile; fileRef = 840B35431708FE76002EBDF4 /* MDAboutController.m */; };
		840B35971708FE76002EBDF4 /* MDAboutNavigationController.m in Sources */ = {isa = PBXBuildFile; fileRef = 840B35451708FE76002EBDF4 /* MDAboutNavigationController.m */; };
		840B35981708FE76002EBDF4 /* MDACCredit.m in Sources */ = {isa = PBXBuildFile; fileRef = 840B35481708FE76002EBDF4 /* MDACCredit.m */; };
		840B35991708FE76002EBDF4 /* MDACCreditItem.m in Sources */ = {isa = PBXBuildFile; fileRef = 840B354A1708FE76002EBDF4 /* MDACCreditItem.m */; };
		840B359A1708FE76002EBDF4 /* MDACIconCredit.m in Sources */ = {isa = PBXBuildFile; fileRef = 840B354C1708FE76002EBDF4 /* MDACIconCredit.m */; };
		840B359B1708FE76002EBDF4 /* MDACImageCredit.m in Sources */ = {isa = PBXBuildFile; fileRef = 840B354E1708FE76002EBDF4 /* MDACImageCredit.m */; };
		840B359C1708FE76002EBDF4 /* MDACListCredit.m in Sources */ = {isa = PBXBuildFile; fileRef = 840B35501708FE76002EBDF4 /* MDACListCredit.m */; };
		840B359D1708FE76002EBDF4 /* MDACMochiDevStyle.m in Sources */ = {isa = PBXBuildFile; fileRef = 840B35521708FE76002EBDF4 /* MDACMochiDevStyle.m */; };
		840B359E1708FE76002EBDF4 /* MDACStyle.m in Sources */ = {isa = PBXBuildFile; fileRef = 840B35541708FE76002EBDF4 /* MDACStyle.m */; };
		840B359F1708FE76002EBDF4 /* MDACTextCredit.m in Sources */ = {isa = PBXBuildFile; fileRef = 840B35561708FE76002EBDF4 /* MDACTextCredit.m */; };
		840B35A01708FE76002EBDF4 /* MDACTitleBar.m in Sources */ = {isa = PBXBuildFile; fileRef = 840B35581708FE76002EBDF4 /* MDACTitleBar.m */; };
		840B35A11708FE76002EBDF4 /* MDACWebViewController.m in Sources */ = {isa = PBXBuildFile; fileRef = 840B355A1708FE76002EBDF4 /* MDACWebViewController.m */; };
		840B35A21708FE76002EBDF4 /* UIImage+DBMaskedImageAdditions.m in Sources */ = {isa = PBXBuildFile; fileRef = 840B355C1708FE76002EBDF4 /* UIImage+DBMaskedImageAdditions.m */; };
		840B35A31708FE76002EBDF4 /* MDACBackground.png in Resources */ = {isa = PBXBuildFile; fileRef = 840B355E1708FE76002EBDF4 /* MDACBackground.png */; };
		840B35A41708FE76002EBDF4 /* MDACBackground@2x.png in Resources */ = {isa = PBXBuildFile; fileRef = 840B355F1708FE76002EBDF4 /* MDACBackground@2x.png */; };
		840B35A51708FE76002EBDF4 /* MDACCellBackgroundBottom.png in Resources */ = {isa = PBXBuildFile; fileRef = 840B35601708FE76002EBDF4 /* MDACCellBackgroundBottom.png */; };
		840B35A61708FE76002EBDF4 /* MDACCellBackgroundBottom@2x.png in Resources */ = {isa = PBXBuildFile; fileRef = 840B35611708FE76002EBDF4 /* MDACCellBackgroundBottom@2x.png */; };
		840B35A71708FE76002EBDF4 /* MDACCellBackgroundMiddle.png in Resources */ = {isa = PBXBuildFile; fileRef = 840B35621708FE76002EBDF4 /* MDACCellBackgroundMiddle.png */; };
		840B35A81708FE76002EBDF4 /* MDACCellBackgroundMiddle@2x.png in Resources */ = {isa = PBXBuildFile; fileRef = 840B35631708FE76002EBDF4 /* MDACCellBackgroundMiddle@2x.png */; };
		840B35A91708FE76002EBDF4 /* MDACCellBackgroundSelectedBottom.png in Resources */ = {isa = PBXBuildFile; fileRef = 840B35641708FE76002EBDF4 /* MDACCellBackgroundSelectedBottom.png */; };
		840B35AA1708FE76002EBDF4 /* MDACCellBackgroundSelectedBottom@2x.png in Resources */ = {isa = PBXBuildFile; fileRef = 840B35651708FE76002EBDF4 /* MDACCellBackgroundSelectedBottom@2x.png */; };
		840B35AB1708FE76002EBDF4 /* MDACCellBackgroundSelectedMiddle.png in Resources */ = {isa = PBXBuildFile; fileRef = 840B35661708FE76002EBDF4 /* MDACCellBackgroundSelectedMiddle.png */; };
		840B35AC1708FE76002EBDF4 /* MDACCellBackgroundSelectedMiddle@2x.png in Resources */ = {isa = PBXBuildFile; fileRef = 840B35671708FE76002EBDF4 /* MDACCellBackgroundSelectedMiddle@2x.png */; };
		840B35AD1708FE76002EBDF4 /* MDACCellBackgroundSelectedSingle.png in Resources */ = {isa = PBXBuildFile; fileRef = 840B35681708FE76002EBDF4 /* MDACCellBackgroundSelectedSingle.png */; };
		840B35AE1708FE76002EBDF4 /* MDACCellBackgroundSelectedSingle@2x.png in Resources */ = {isa = PBXBuildFile; fileRef = 840B35691708FE76002EBDF4 /* MDACCellBackgroundSelectedSingle@2x.png */; };
		840B35AF1708FE76002EBDF4 /* MDACCellBackgroundSelectedTop.png in Resources */ = {isa = PBXBuildFile; fileRef = 840B356A1708FE76002EBDF4 /* MDACCellBackgroundSelectedTop.png */; };
		840B35B01708FE76002EBDF4 /* MDACCellBackgroundSelectedTop@2x.png in Resources */ = {isa = PBXBuildFile; fileRef = 840B356B1708FE76002EBDF4 /* MDACCellBackgroundSelectedTop@2x.png */; };
		840B35B11708FE76002EBDF4 /* MDACCellBackgroundSingle.png in Resources */ = {isa = PBXBuildFile; fileRef = 840B356C1708FE76002EBDF4 /* MDACCellBackgroundSingle.png */; };
		840B35B21708FE76002EBDF4 /* MDACCellBackgroundSingle@2x.png in Resources */ = {isa = PBXBuildFile; fileRef = 840B356D1708FE76002EBDF4 /* MDACCellBackgroundSingle@2x.png */; };
		840B35B31708FE76002EBDF4 /* MDACCellBackgroundTop.png in Resources */ = {isa = PBXBuildFile; fileRef = 840B356E1708FE76002EBDF4 /* MDACCellBackgroundTop.png */; };
		840B35B41708FE76002EBDF4 /* MDACCellBackgroundTop@2x.png in Resources */ = {isa = PBXBuildFile; fileRef = 840B356F1708FE76002EBDF4 /* MDACCellBackgroundTop@2x.png */; };
		840B35B51708FE76002EBDF4 /* MDACDarkCellBackgroundBottom.png in Resources */ = {isa = PBXBuildFile; fileRef = 840B35701708FE76002EBDF4 /* MDACDarkCellBackgroundBottom.png */; };
		840B35B61708FE76002EBDF4 /* MDACDarkCellBackgroundBottom@2x.png in Resources */ = {isa = PBXBuildFile; fileRef = 840B35711708FE76002EBDF4 /* MDACDarkCellBackgroundBottom@2x.png */; };
		840B35B71708FE76002EBDF4 /* MDACDarkCellBackgroundMiddle.png in Resources */ = {isa = PBXBuildFile; fileRef = 840B35721708FE76002EBDF4 /* MDACDarkCellBackgroundMiddle.png */; };
		840B35B81708FE76002EBDF4 /* MDACDarkCellBackgroundMiddle@2x.png in Resources */ = {isa = PBXBuildFile; fileRef = 840B35731708FE76002EBDF4 /* MDACDarkCellBackgroundMiddle@2x.png */; };
		840B35B91708FE76002EBDF4 /* MDACDarkCellBackgroundSelectedBottom.png in Resources */ = {isa = PBXBuildFile; fileRef = 840B35741708FE76002EBDF4 /* MDACDarkCellBackgroundSelectedBottom.png */; };
		840B35BA1708FE76002EBDF4 /* MDACDarkCellBackgroundSelectedBottom@2x.png in Resources */ = {isa = PBXBuildFile; fileRef = 840B35751708FE76002EBDF4 /* MDACDarkCellBackgroundSelectedBottom@2x.png */; };
		840B35BB1708FE76002EBDF4 /* MDACDarkCellBackgroundSelectedMiddle.png in Resources */ = {isa = PBXBuildFile; fileRef = 840B35761708FE76002EBDF4 /* MDACDarkCellBackgroundSelectedMiddle.png */; };
		840B35BC1708FE76002EBDF4 /* MDACDarkCellBackgroundSelectedMiddle@2x.png in Resources */ = {isa = PBXBuildFile; fileRef = 840B35771708FE76002EBDF4 /* MDACDarkCellBackgroundSelectedMiddle@2x.png */; };
		840B35BD1708FE76002EBDF4 /* MDACDarkCellBackgroundSelectedSingle.png in Resources */ = {isa = PBXBuildFile; fileRef = 840B35781708FE76002EBDF4 /* MDACDarkCellBackgroundSelectedSingle.png */; };
		840B35BE1708FE76002EBDF4 /* MDACDarkCellBackgroundSelectedSingle@2x.png in Resources */ = {isa = PBXBuildFile; fileRef = 840B35791708FE76002EBDF4 /* MDACDarkCellBackgroundSelectedSingle@2x.png */; };
		840B35BF1708FE76002EBDF4 /* MDACDarkCellBackgroundSelectedTop.png in Resources */ = {isa = PBXBuildFile; fileRef = 840B357A1708FE76002EBDF4 /* MDACDarkCellBackgroundSelectedTop.png */; };
		840B35C01708FE76002EBDF4 /* MDACDarkCellBackgroundSelectedTop@2x.png in Resources */ = {isa = PBXBuildFile; fileRef = 840B357B1708FE76002EBDF4 /* MDACDarkCellBackgroundSelectedTop@2x.png */; };
		840B35C11708FE76002EBDF4 /* MDACDarkCellBackgroundSingle.png in Resources */ = {isa = PBXBuildFile; fileRef = 840B357C1708FE76002EBDF4 /* MDACDarkCellBackgroundSingle.png */; };
		840B35C21708FE76002EBDF4 /* MDACDarkCellBackgroundSingle@2x.png in Resources */ = {isa = PBXBuildFile; fileRef = 840B357D1708FE76002EBDF4 /* MDACDarkCellBackgroundSingle@2x.png */; };
		840B35C31708FE76002EBDF4 /* MDACDarkCellBackgroundTop.png in Resources */ = {isa = PBXBuildFile; fileRef = 840B357E1708FE76002EBDF4 /* MDACDarkCellBackgroundTop.png */; };
		840B35C41708FE76002EBDF4 /* MDACDarkCellBackgroundTop@2x.png in Resources */ = {isa = PBXBuildFile; fileRef = 840B357F1708FE76002EBDF4 /* MDACDarkCellBackgroundTop@2x.png */; };
		840B35C51708FE76002EBDF4 /* MDACDarkLinkArrow.png in Resources */ = {isa = PBXBuildFile; fileRef = 840B35801708FE76002EBDF4 /* MDACDarkLinkArrow.png */; };
		840B35C61708FE76002EBDF4 /* MDACDarkLinkArrow@2x.png in Resources */ = {isa = PBXBuildFile; fileRef = 840B35811708FE76002EBDF4 /* MDACDarkLinkArrow@2x.png */; };
		840B35C71708FE76002EBDF4 /* MDACDoneButton.png in Resources */ = {isa = PBXBuildFile; fileRef = 840B35821708FE76002EBDF4 /* MDACDoneButton.png */; };
		840B35C81708FE76002EBDF4 /* MDACDoneButton@2x.png in Resources */ = {isa = PBXBuildFile; fileRef = 840B35831708FE76002EBDF4 /* MDACDoneButton@2x.png */; };
		840B35C91708FE76002EBDF4 /* MDACDoneButtonPressed.png in Resources */ = {isa = PBXBuildFile; fileRef = 840B35841708FE76002EBDF4 /* MDACDoneButtonPressed.png */; };
		840B35CA1708FE76002EBDF4 /* MDACDoneButtonPressed@2x.png in Resources */ = {isa = PBXBuildFile; fileRef = 840B35851708FE76002EBDF4 /* MDACDoneButtonPressed@2x.png */; };
		840B35CB1708FE76002EBDF4 /* MDACIconMask.png in Resources */ = {isa = PBXBuildFile; fileRef = 840B35861708FE76002EBDF4 /* MDACIconMask.png */; };
		840B35CC1708FE76002EBDF4 /* MDACIconMask@2x.png in Resources */ = {isa = PBXBuildFile; fileRef = 840B35871708FE76002EBDF4 /* MDACIconMask@2x.png */; };
		840B35CD1708FE76002EBDF4 /* MDACIconMask@2x~ipad.png in Resources */ = {isa = PBXBuildFile; fileRef = 840B35881708FE76002EBDF4 /* MDACIconMask@2x~ipad.png */; };
		840B35CE1708FE76002EBDF4 /* MDACIconMask~ipad.png in Resources */ = {isa = PBXBuildFile; fileRef = 840B35891708FE76002EBDF4 /* MDACIconMask~ipad.png */; };
		840B35CF1708FE76002EBDF4 /* MDACIconOverlay.png in Resources */ = {isa = PBXBuildFile; fileRef = 840B358A1708FE76002EBDF4 /* MDACIconOverlay.png */; };
		840B35D01708FE76002EBDF4 /* MDACIconOverlay@2x.png in Resources */ = {isa = PBXBuildFile; fileRef = 840B358B1708FE76002EBDF4 /* MDACIconOverlay@2x.png */; };
		840B35D11708FE76002EBDF4 /* MDACIconOverlay@2x~ipad.png in Resources */ = {isa = PBXBuildFile; fileRef = 840B358C1708FE76002EBDF4 /* MDACIconOverlay@2x~ipad.png */; };
		840B35D21708FE76002EBDF4 /* MDACIconOverlay~ipad.png in Resources */ = {isa = PBXBuildFile; fileRef = 840B358D1708FE76002EBDF4 /* MDACIconOverlay~ipad.png */; };
		840B35D31708FE76002EBDF4 /* MDACIconShadow.png in Resources */ = {isa = PBXBuildFile; fileRef = 840B358E1708FE76002EBDF4 /* MDACIconShadow.png */; };
		840B35D41708FE76002EBDF4 /* MDACIconShadow@2x.png in Resources */ = {isa = PBXBuildFile; fileRef = 840B358F1708FE76002EBDF4 /* MDACIconShadow@2x.png */; };
		840B35D51708FE76002EBDF4 /* MDACIconShadow@2x~ipad.png in Resources */ = {isa = PBXBuildFile; fileRef = 840B35901708FE76002EBDF4 /* MDACIconShadow@2x~ipad.png */; };
		840B35D61708FE76002EBDF4 /* MDACIconShadow~ipad.png in Resources */ = {isa = PBXBuildFile; fileRef = 840B35911708FE76002EBDF4 /* MDACIconShadow~ipad.png */; };
		840B35D71708FE76002EBDF4 /* MDACLinkArrow.png in Resources */ = {isa = PBXBuildFile; fileRef = 840B35921708FE76002EBDF4 /* MDACLinkArrow.png */; };
		840B35D81708FE76002EBDF4 /* MDACLinkArrow@2x.png in Resources */ = {isa = PBXBuildFile; fileRef = 840B35931708FE76002EBDF4 /* MDACLinkArrow@2x.png */; };
		840B35D91708FE76002EBDF4 /* MDACTitleBar.png in Resources */ = {isa = PBXBuildFile; fileRef = 840B35941708FE76002EBDF4 /* MDACTitleBar.png */; };
		840B35DA1708FE76002EBDF4 /* MDACTitleBar@2x.png in Resources */ = {isa = PBXBuildFile; fileRef = 840B35951708FE76002EBDF4 /* MDACTitleBar@2x.png */; };
		8417058C14C75EA100ACF050 /* UIKit.framework in Frameworks */ = {isa = PBXBuildFile; fileRef = 8417058B14C75EA100ACF050 /* UIKit.framework */; };
		8417058E14C75EA100ACF050 /* Foundation.framework in Frameworks */ = {isa = PBXBuildFile; fileRef = 8417058D14C75EA100ACF050 /* Foundation.framework */; };
		8417059014C75EA100ACF050 /* CoreGraphics.framework in Frameworks */ = {isa = PBXBuildFile; fileRef = 8417058F14C75EA100ACF050 /* CoreGraphics.framework */; };
		8417059814C75EA100ACF050 /* main.m in Sources */ = {isa = PBXBuildFile; fileRef = 8417059714C75EA100ACF050 /* main.m */; };
		8417059C14C75EA100ACF050 /* AppDelegate.m in Sources */ = {isa = PBXBuildFile; fileRef = 8417059B14C75EA100ACF050 /* AppDelegate.m */; };
		841705AD14C760E100ACF050 /* MapKit.framework in Frameworks */ = {isa = PBXBuildFile; fileRef = 841705AB14C760D200ACF050 /* MapKit.framework */; };
		841705C614C76D9800ACF050 /* CoreLocation.framework in Frameworks */ = {isa = PBXBuildFile; fileRef = 841705C414C76D8B00ACF050 /* CoreLocation.framework */; };
		842298A414CA147300D84986 /* AddressBookUI.framework in Frameworks */ = {isa = PBXBuildFile; fileRef = 842298A114CA146600D84986 /* AddressBookUI.framework */; };
		843B6C02158ED09D0031A968 /* SVProgressHUD.bundle in Resources */ = {isa = PBXBuildFile; fileRef = 843B6BAF158ED09C0031A968 /* SVProgressHUD.bundle */; };
		843B6C03158ED09D0031A968 /* SVProgressHUD.m in Sources */ = {isa = PBXBuildFile; fileRef = 843B6BB1158ED09C0031A968 /* SVProgressHUD.m */; };
		847E5DD6169953F90093228B /* RequestController.m in Sources */ = {isa = PBXBuildFile; fileRef = 847E5DD5169953F90093228B /* RequestController.m */; };
		84AFF098152C1D72007F4534 /* snap.png in Resources */ = {isa = PBXBuildFile; fileRef = 84AFF097152C1D72007F4534 /* snap.png */; };
		84AFF09A152C202D007F4534 /* snap@2x.png in Resources */ = {isa = PBXBuildFile; fileRef = 84AFF099152C202D007F4534 /* snap@2x.png */; };
		84AFF0B1152C48DB007F4534 /* yelp_logo.png in Resources */ = {isa = PBXBuildFile; fileRef = 84AFF0AF152C48DB007F4534 /* yelp_logo.png */; };
		84AFF0B2152C48DB007F4534 /* yelp_logo@2x.png in Resources */ = {isa = PBXBuildFile; fileRef = 84AFF0B0152C48DB007F4534 /* yelp_logo@2x.png */; };
		84B78D00158EE54E00033B7F /* ListViewController.m in Sources */ = {isa = PBXBuildFile; fileRef = 84B78CFD158EE54E00033B7F /* ListViewController.m */; };
		84B78D01158EE54E00033B7F /* MapViewController.m in Sources */ = {isa = PBXBuildFile; fileRef = 84B78CFF158EE54E00033B7F /* MapViewController.m */; };
		84B78D05158EE55800033B7F /* SnapRetailer.m in Sources */ = {isa = PBXBuildFile; fileRef = 84B78D04158EE55800033B7F /* SnapRetailer.m */; };
		84B78D0C158EF0A100033B7F /* Constants.m in Sources */ = {isa = PBXBuildFile; fileRef = 84B78D0B158EF0A100033B7F /* Constants.m */; };
		84C89E9614CF6EBC00F68CE0 /* snaplogo.png in Resources */ = {isa = PBXBuildFile; fileRef = 84C89E9514CF6EBC00F68CE0 /* snaplogo.png */; };
		84D96C50152CA0D300C7CA02 /* snapfreshlogo@2x.png in Resources */ = {isa = PBXBuildFile; fileRef = 84D96C4F152CA0D300C7CA02 /* snapfreshlogo@2x.png */; };
		84DE528F14C949E50023073E /* snapfreshlogo.png in Resources */ = {isa = PBXBuildFile; fileRef = 84DE528E14C949E50023073E /* snapfreshlogo.png */; };
		84F7F139161758D400196B65 /* AddressBook.framework in Frameworks */ = {isa = PBXBuildFile; fileRef = 84F7F138161758D400196B65 /* AddressBook.framework */; };
		BE655AB1160E72BC003C32B6 /* MapUtils.m in Sources */ = {isa = PBXBuildFile; fileRef = BE655AB0160E72BC003C32B6 /* MapUtils.m */; };
		BE821E23161A879000AB8620 /* SystemConfiguration.framework in Frameworks */ = {isa = PBXBuildFile; fileRef = 841705BD14C7688500ACF050 /* SystemConfiguration.framework */; };
		BE821E25161A87BB00AB8620 /* Security.framework in Frameworks */ = {isa = PBXBuildFile; fileRef = BE821E24161A87BB00AB8620 /* Security.framework */; };
		BE821E27161A87CC00AB8620 /* QuartzCore.framework in Frameworks */ = {isa = PBXBuildFile; fileRef = BE821E26161A87CC00AB8620 /* QuartzCore.framework */; };
		BE88703A1623650800610EBA /* 193-location-arrow.png in Resources */ = {isa = PBXBuildFile; fileRef = BE8870381623650800610EBA /* 193-location-arrow.png */; };
		BE88703B1623650800610EBA /* 193-location-arrow@2x.png in Resources */ = {isa = PBXBuildFile; fileRef = BE8870391623650800610EBA /* 193-location-arrow@2x.png */; };
		BE8870411623704100610EBA /* 103-map.png in Resources */ = {isa = PBXBuildFile; fileRef = BE88703D1623704100610EBA /* 103-map.png */; };
		BE8870421623704100610EBA /* 103-map@2x.png in Resources */ = {isa = PBXBuildFile; fileRef = BE88703E1623704100610EBA /* 103-map@2x.png */; };
		BE8870431623704100610EBA /* 259-list.png in Resources */ = {isa = PBXBuildFile; fileRef = BE88703F1623704100610EBA /* 259-list.png */; };
		BE8870441623704100610EBA /* 259-list@2x.png in Resources */ = {isa = PBXBuildFile; fileRef = BE8870401623704100610EBA /* 259-list@2x.png */; };
		BEFF210416249846004AD960 /* MainStoryboard_iPad.storyboard in Resources */ = {isa = PBXBuildFile; fileRef = BEFF210216249846004AD960 /* MainStoryboard_iPad.storyboard */; };
		BEFF210516249846004AD960 /* MainStoryboard_iPhone.storyboard in Resources */ = {isa = PBXBuildFile; fileRef = BEFF210316249846004AD960 /* MainStoryboard_iPhone.storyboard */; };
		BEFF210F16249AF9004AD960 /* InfoPlist.strings in Resources */ = {isa = PBXBuildFile; fileRef = BEFF210916249AF9004AD960 /* InfoPlist.strings */; };
		BEFF211016249AF9004AD960 /* Localizable.strings in Resources */ = {isa = PBXBuildFile; fileRef = BEFF210B16249AF9004AD960 /* Localizable.strings */; };
/* End PBXBuildFile section */

/* Begin PBXContainerItemProxy section */
		570D882E18414A860044FCB8 /* PBXContainerItemProxy */ = {
			isa = PBXContainerItemProxy;
			containerPortal = 8417057E14C75EA100ACF050 /* Project object */;
			proxyType = 1;
			remoteGlobalIDString = 8417058614C75EA100ACF050;
			remoteInfo = SnapFresh;
		};
/* End PBXContainerItemProxy section */

/* Begin PBXFileReference section */
		5703C8EA17FB2E8600340FA5 /* AFHTTPRequestOperation.h */ = {isa = PBXFileReference; fileEncoding = 4; lastKnownFileType = sourcecode.c.h; path = AFHTTPRequestOperation.h; sourceTree = "<group>"; };
		5703C8EB17FB2E8600340FA5 /* AFHTTPRequestOperation.m */ = {isa = PBXFileReference; fileEncoding = 4; lastKnownFileType = sourcecode.c.objc; path = AFHTTPRequestOperation.m; sourceTree = "<group>"; };
		5703C8EC17FB2E8600340FA5 /* AFHTTPRequestOperationManager.h */ = {isa = PBXFileReference; fileEncoding = 4; lastKnownFileType = sourcecode.c.h; path = AFHTTPRequestOperationManager.h; sourceTree = "<group>"; };
		5703C8ED17FB2E8600340FA5 /* AFHTTPRequestOperationManager.m */ = {isa = PBXFileReference; fileEncoding = 4; lastKnownFileType = sourcecode.c.objc; path = AFHTTPRequestOperationManager.m; sourceTree = "<group>"; };
		5703C8EE17FB2E8600340FA5 /* AFHTTPSessionManager.h */ = {isa = PBXFileReference; fileEncoding = 4; lastKnownFileType = sourcecode.c.h; path = AFHTTPSessionManager.h; sourceTree = "<group>"; };
		5703C8EF17FB2E8600340FA5 /* AFHTTPSessionManager.m */ = {isa = PBXFileReference; fileEncoding = 4; lastKnownFileType = sourcecode.c.objc; path = AFHTTPSessionManager.m; sourceTree = "<group>"; };
		5703C8F017FB2E8600340FA5 /* AFNetworking.h */ = {isa = PBXFileReference; fileEncoding = 4; lastKnownFileType = sourcecode.c.h; path = AFNetworking.h; sourceTree = "<group>"; };
		5703C8F117FB2E8600340FA5 /* AFNetworkReachabilityManager.h */ = {isa = PBXFileReference; fileEncoding = 4; lastKnownFileType = sourcecode.c.h; path = AFNetworkReachabilityManager.h; sourceTree = "<group>"; };
		5703C8F217FB2E8600340FA5 /* AFNetworkReachabilityManager.m */ = {isa = PBXFileReference; fileEncoding = 4; lastKnownFileType = sourcecode.c.objc; path = AFNetworkReachabilityManager.m; sourceTree = "<group>"; };
		5703C8F317FB2E8600340FA5 /* AFSecurityPolicy.h */ = {isa = PBXFileReference; fileEncoding = 4; lastKnownFileType = sourcecode.c.h; path = AFSecurityPolicy.h; sourceTree = "<group>"; };
		5703C8F417FB2E8600340FA5 /* AFSecurityPolicy.m */ = {isa = PBXFileReference; fileEncoding = 4; lastKnownFileType = sourcecode.c.objc; path = AFSecurityPolicy.m; sourceTree = "<group>"; };
		5703C8F517FB2E8600340FA5 /* AFURLConnectionOperation.h */ = {isa = PBXFileReference; fileEncoding = 4; lastKnownFileType = sourcecode.c.h; path = AFURLConnectionOperation.h; sourceTree = "<group>"; };
		5703C8F617FB2E8600340FA5 /* AFURLConnectionOperation.m */ = {isa = PBXFileReference; fileEncoding = 4; lastKnownFileType = sourcecode.c.objc; path = AFURLConnectionOperation.m; sourceTree = "<group>"; };
		5703C8F717FB2E8600340FA5 /* AFURLRequestSerialization.h */ = {isa = PBXFileReference; fileEncoding = 4; lastKnownFileType = sourcecode.c.h; path = AFURLRequestSerialization.h; sourceTree = "<group>"; };
		5703C8F817FB2E8600340FA5 /* AFURLRequestSerialization.m */ = {isa = PBXFileReference; fileEncoding = 4; lastKnownFileType = sourcecode.c.objc; path = AFURLRequestSerialization.m; sourceTree = "<group>"; };
		5703C8F917FB2E8600340FA5 /* AFURLResponseSerialization.h */ = {isa = PBXFileReference; fileEncoding = 4; lastKnownFileType = sourcecode.c.h; path = AFURLResponseSerialization.h; sourceTree = "<group>"; };
		5703C8FA17FB2E8600340FA5 /* AFURLResponseSerialization.m */ = {isa = PBXFileReference; fileEncoding = 4; lastKnownFileType = sourcecode.c.objc; path = AFURLResponseSerialization.m; sourceTree = "<group>"; };
		5703C8FB17FB2E8600340FA5 /* AFURLSessionManager.h */ = {isa = PBXFileReference; fileEncoding = 4; lastKnownFileType = sourcecode.c.h; path = AFURLSessionManager.h; sourceTree = "<group>"; };
		5703C8FC17FB2E8600340FA5 /* AFURLSessionManager.m */ = {isa = PBXFileReference; fileEncoding = 4; lastKnownFileType = sourcecode.c.objc; path = AFURLSessionManager.m; sourceTree = "<group>"; };
		570D882018414A860044FCB8 /* SnapFreshTests.xctest */ = {isa = PBXFileReference; explicitFileType = wrapper.cfbundle; includeInIndex = 0; path = SnapFreshTests.xctest; sourceTree = BUILT_PRODUCTS_DIR; };
		570D882118414A860044FCB8 /* XCTest.framework */ = {isa = PBXFileReference; lastKnownFileType = wrapper.framework; name = XCTest.framework; path = Library/Frameworks/XCTest.framework; sourceTree = DEVELOPER_DIR; };
		570D882718414A860044FCB8 /* SnapFreshTests-Info.plist */ = {isa = PBXFileReference; lastKnownFileType = text.plist.xml; path = "SnapFreshTests-Info.plist"; sourceTree = "<group>"; };
		570D882918414A860044FCB8 /* en */ = {isa = PBXFileReference; lastKnownFileType = text.plist.strings; name = en; path = en.lproj/InfoPlist.strings; sourceTree = "<group>"; };
		570D882B18414A860044FCB8 /* SnapFreshTests.m */ = {isa = PBXFileReference; lastKnownFileType = sourcecode.c.objc; path = SnapFreshTests.m; sourceTree = "<group>"; };
		570D882D18414A860044FCB8 /* SnapFreshTests-Prefix.pch */ = {isa = PBXFileReference; lastKnownFileType = sourcecode.c.h; path = "SnapFreshTests-Prefix.pch"; sourceTree = "<group>"; };
		57141A75183B454700852773 /* Images.xcassets */ = {isa = PBXFileReference; lastKnownFileType = folder.assetcatalog; path = Images.xcassets; sourceTree = "<group>"; };
		57D1F78B180B39F700E89CDD /* libTestFlight.a */ = {isa = PBXFileReference; lastKnownFileType = archive.ar; path = libTestFlight.a; sourceTree = "<group>"; };
		57D1F78C180B39F700E89CDD /* README.md */ = {isa = PBXFileReference; fileEncoding = 4; lastKnownFileType = text; path = README.md; sourceTree = "<group>"; };
		57D1F78D180B39F700E89CDD /* release_notes.md */ = {isa = PBXFileReference; fileEncoding = 4; lastKnownFileType = text; path = release_notes.md; sourceTree = "<group>"; };
		57D1F78E180B39F700E89CDD /* TestFlight+AsyncLogging.h */ = {isa = PBXFileReference; fileEncoding = 4; lastKnownFileType = sourcecode.c.h; path = "TestFlight+AsyncLogging.h"; sourceTree = "<group>"; };
		57D1F78F180B39F700E89CDD /* TestFlight+ManualSessions.h */ = {isa = PBXFileReference; fileEncoding = 4; lastKnownFileType = sourcecode.c.h; path = "TestFlight+ManualSessions.h"; sourceTree = "<group>"; };
		57D1F790180B39F700E89CDD /* TestFlight.h */ = {isa = PBXFileReference; fileEncoding = 4; lastKnownFileType = sourcecode.c.h; path = TestFlight.h; sourceTree = "<group>"; };
		57D1F794180B3AE200E89CDD /* libz.dylib */ = {isa = PBXFileReference; lastKnownFileType = "compiled.mach-o.dylib"; name = libz.dylib; path = usr/lib/libz.dylib; sourceTree = SDKROOT; };
		8406DF9E166503880039066D /* en */ = {isa = PBXFileReference; lastKnownFileType = text.plist.xml; name = en; path = en.lproj/Credits.plist; sourceTree = "<group>"; };
		8406DFA1166503990039066D /* es */ = {isa = PBXFileReference; lastKnownFileType = text.plist.xml; name = es; path = es.lproj/Credits.plist; sourceTree = "<group>"; };
		8406DFA21665039D0039066D /* zh-Hans */ = {isa = PBXFileReference; lastKnownFileType = text.plist.xml; name = "zh-Hans"; path = "zh-Hans.lproj/Credits.plist"; sourceTree = "<group>"; };
		8408F89D16031BF60008639E /* CFNetwork.framework */ = {isa = PBXFileReference; lastKnownFileType = wrapper.framework; name = CFNetwork.framework; path = System/Library/Frameworks/CFNetwork.framework; sourceTree = SDKROOT; };
		840B35421708FE76002EBDF4 /* MDAboutController.h */ = {isa = PBXFileReference; fileEncoding = 4; lastKnownFileType = sourcecode.c.h; path = MDAboutController.h; sourceTree = "<group>"; };
		840B35431708FE76002EBDF4 /* MDAboutController.m */ = {isa = PBXFileReference; fileEncoding = 4; lastKnownFileType = sourcecode.c.objc; path = MDAboutController.m; sourceTree = "<group>"; };
		840B35441708FE76002EBDF4 /* MDAboutNavigationController.h */ = {isa = PBXFileReference; fileEncoding = 4; lastKnownFileType = sourcecode.c.h; path = MDAboutNavigationController.h; sourceTree = "<group>"; };
		840B35451708FE76002EBDF4 /* MDAboutNavigationController.m */ = {isa = PBXFileReference; fileEncoding = 4; lastKnownFileType = sourcecode.c.objc; path = MDAboutNavigationController.m; sourceTree = "<group>"; };
		840B35461708FE76002EBDF4 /* MDACClasses.h */ = {isa = PBXFileReference; fileEncoding = 4; lastKnownFileType = sourcecode.c.h; path = MDACClasses.h; sourceTree = "<group>"; };
		840B35471708FE76002EBDF4 /* MDACCredit.h */ = {isa = PBXFileReference; fileEncoding = 4; lastKnownFileType = sourcecode.c.h; path = MDACCredit.h; sourceTree = "<group>"; };
		840B35481708FE76002EBDF4 /* MDACCredit.m */ = {isa = PBXFileReference; fileEncoding = 4; lastKnownFileType = sourcecode.c.objc; path = MDACCredit.m; sourceTree = "<group>"; };
		840B35491708FE76002EBDF4 /* MDACCreditItem.h */ = {isa = PBXFileReference; fileEncoding = 4; lastKnownFileType = sourcecode.c.h; path = MDACCreditItem.h; sourceTree = "<group>"; };
		840B354A1708FE76002EBDF4 /* MDACCreditItem.m */ = {isa = PBXFileReference; fileEncoding = 4; lastKnownFileType = sourcecode.c.objc; path = MDACCreditItem.m; sourceTree = "<group>"; };
		840B354B1708FE76002EBDF4 /* MDACIconCredit.h */ = {isa = PBXFileReference; fileEncoding = 4; lastKnownFileType = sourcecode.c.h; path = MDACIconCredit.h; sourceTree = "<group>"; };
		840B354C1708FE76002EBDF4 /* MDACIconCredit.m */ = {isa = PBXFileReference; fileEncoding = 4; lastKnownFileType = sourcecode.c.objc; path = MDACIconCredit.m; sourceTree = "<group>"; };
		840B354D1708FE76002EBDF4 /* MDACImageCredit.h */ = {isa = PBXFileReference; fileEncoding = 4; lastKnownFileType = sourcecode.c.h; path = MDACImageCredit.h; sourceTree = "<group>"; };
		840B354E1708FE76002EBDF4 /* MDACImageCredit.m */ = {isa = PBXFileReference; fileEncoding = 4; lastKnownFileType = sourcecode.c.objc; path = MDACImageCredit.m; sourceTree = "<group>"; };
		840B354F1708FE76002EBDF4 /* MDACListCredit.h */ = {isa = PBXFileReference; fileEncoding = 4; lastKnownFileType = sourcecode.c.h; path = MDACListCredit.h; sourceTree = "<group>"; };
		840B35501708FE76002EBDF4 /* MDACListCredit.m */ = {isa = PBXFileReference; fileEncoding = 4; lastKnownFileType = sourcecode.c.objc; path = MDACListCredit.m; sourceTree = "<group>"; };
		840B35511708FE76002EBDF4 /* MDACMochiDevStyle.h */ = {isa = PBXFileReference; fileEncoding = 4; lastKnownFileType = sourcecode.c.h; path = MDACMochiDevStyle.h; sourceTree = "<group>"; };
		840B35521708FE76002EBDF4 /* MDACMochiDevStyle.m */ = {isa = PBXFileReference; fileEncoding = 4; lastKnownFileType = sourcecode.c.objc; path = MDACMochiDevStyle.m; sourceTree = "<group>"; };
		840B35531708FE76002EBDF4 /* MDACStyle.h */ = {isa = PBXFileReference; fileEncoding = 4; lastKnownFileType = sourcecode.c.h; path = MDACStyle.h; sourceTree = "<group>"; };
		840B35541708FE76002EBDF4 /* MDACStyle.m */ = {isa = PBXFileReference; fileEncoding = 4; lastKnownFileType = sourcecode.c.objc; path = MDACStyle.m; sourceTree = "<group>"; };
		840B35551708FE76002EBDF4 /* MDACTextCredit.h */ = {isa = PBXFileReference; fileEncoding = 4; lastKnownFileType = sourcecode.c.h; path = MDACTextCredit.h; sourceTree = "<group>"; };
		840B35561708FE76002EBDF4 /* MDACTextCredit.m */ = {isa = PBXFileReference; fileEncoding = 4; lastKnownFileType = sourcecode.c.objc; path = MDACTextCredit.m; sourceTree = "<group>"; };
		840B35571708FE76002EBDF4 /* MDACTitleBar.h */ = {isa = PBXFileReference; fileEncoding = 4; lastKnownFileType = sourcecode.c.h; path = MDACTitleBar.h; sourceTree = "<group>"; };
		840B35581708FE76002EBDF4 /* MDACTitleBar.m */ = {isa = PBXFileReference; fileEncoding = 4; lastKnownFileType = sourcecode.c.objc; path = MDACTitleBar.m; sourceTree = "<group>"; };
		840B35591708FE76002EBDF4 /* MDACWebViewController.h */ = {isa = PBXFileReference; fileEncoding = 4; lastKnownFileType = sourcecode.c.h; path = MDACWebViewController.h; sourceTree = "<group>"; };
		840B355A1708FE76002EBDF4 /* MDACWebViewController.m */ = {isa = PBXFileReference; fileEncoding = 4; lastKnownFileType = sourcecode.c.objc; path = MDACWebViewController.m; sourceTree = "<group>"; };
		840B355B1708FE76002EBDF4 /* UIImage+DBMaskedImageAdditions.h */ = {isa = PBXFileReference; fileEncoding = 4; lastKnownFileType = sourcecode.c.h; path = "UIImage+DBMaskedImageAdditions.h"; sourceTree = "<group>"; };
		840B355C1708FE76002EBDF4 /* UIImage+DBMaskedImageAdditions.m */ = {isa = PBXFileReference; fileEncoding = 4; lastKnownFileType = sourcecode.c.objc; path = "UIImage+DBMaskedImageAdditions.m"; sourceTree = "<group>"; };
		840B355E1708FE76002EBDF4 /* MDACBackground.png */ = {isa = PBXFileReference; lastKnownFileType = image.png; path = MDACBackground.png; sourceTree = "<group>"; };
		840B355F1708FE76002EBDF4 /* MDACBackground@2x.png */ = {isa = PBXFileReference; lastKnownFileType = image.png; path = "MDACBackground@2x.png"; sourceTree = "<group>"; };
		840B35601708FE76002EBDF4 /* MDACCellBackgroundBottom.png */ = {isa = PBXFileReference; lastKnownFileType = image.png; path = MDACCellBackgroundBottom.png; sourceTree = "<group>"; };
		840B35611708FE76002EBDF4 /* MDACCellBackgroundBottom@2x.png */ = {isa = PBXFileReference; lastKnownFileType = image.png; path = "MDACCellBackgroundBottom@2x.png"; sourceTree = "<group>"; };
		840B35621708FE76002EBDF4 /* MDACCellBackgroundMiddle.png */ = {isa = PBXFileReference; lastKnownFileType = image.png; path = MDACCellBackgroundMiddle.png; sourceTree = "<group>"; };
		840B35631708FE76002EBDF4 /* MDACCellBackgroundMiddle@2x.png */ = {isa = PBXFileReference; lastKnownFileType = image.png; path = "MDACCellBackgroundMiddle@2x.png"; sourceTree = "<group>"; };
		840B35641708FE76002EBDF4 /* MDACCellBackgroundSelectedBottom.png */ = {isa = PBXFileReference; lastKnownFileType = image.png; path = MDACCellBackgroundSelectedBottom.png; sourceTree = "<group>"; };
		840B35651708FE76002EBDF4 /* MDACCellBackgroundSelectedBottom@2x.png */ = {isa = PBXFileReference; lastKnownFileType = image.png; path = "MDACCellBackgroundSelectedBottom@2x.png"; sourceTree = "<group>"; };
		840B35661708FE76002EBDF4 /* MDACCellBackgroundSelectedMiddle.png */ = {isa = PBXFileReference; lastKnownFileType = image.png; path = MDACCellBackgroundSelectedMiddle.png; sourceTree = "<group>"; };
		840B35671708FE76002EBDF4 /* MDACCellBackgroundSelectedMiddle@2x.png */ = {isa = PBXFileReference; lastKnownFileType = image.png; path = "MDACCellBackgroundSelectedMiddle@2x.png"; sourceTree = "<group>"; };
		840B35681708FE76002EBDF4 /* MDACCellBackgroundSelectedSingle.png */ = {isa = PBXFileReference; lastKnownFileType = image.png; path = MDACCellBackgroundSelectedSingle.png; sourceTree = "<group>"; };
		840B35691708FE76002EBDF4 /* MDACCellBackgroundSelectedSingle@2x.png */ = {isa = PBXFileReference; lastKnownFileType = image.png; path = "MDACCellBackgroundSelectedSingle@2x.png"; sourceTree = "<group>"; };
		840B356A1708FE76002EBDF4 /* MDACCellBackgroundSelectedTop.png */ = {isa = PBXFileReference; lastKnownFileType = image.png; path = MDACCellBackgroundSelectedTop.png; sourceTree = "<group>"; };
		840B356B1708FE76002EBDF4 /* MDACCellBackgroundSelectedTop@2x.png */ = {isa = PBXFileReference; lastKnownFileType = image.png; path = "MDACCellBackgroundSelectedTop@2x.png"; sourceTree = "<group>"; };
		840B356C1708FE76002EBDF4 /* MDACCellBackgroundSingle.png */ = {isa = PBXFileReference; lastKnownFileType = image.png; path = MDACCellBackgroundSingle.png; sourceTree = "<group>"; };
		840B356D1708FE76002EBDF4 /* MDACCellBackgroundSingle@2x.png */ = {isa = PBXFileReference; lastKnownFileType = image.png; path = "MDACCellBackgroundSingle@2x.png"; sourceTree = "<group>"; };
		840B356E1708FE76002EBDF4 /* MDACCellBackgroundTop.png */ = {isa = PBXFileReference; lastKnownFileType = image.png; path = MDACCellBackgroundTop.png; sourceTree = "<group>"; };
		840B356F1708FE76002EBDF4 /* MDACCellBackgroundTop@2x.png */ = {isa = PBXFileReference; lastKnownFileType = image.png; path = "MDACCellBackgroundTop@2x.png"; sourceTree = "<group>"; };
		840B35701708FE76002EBDF4 /* MDACDarkCellBackgroundBottom.png */ = {isa = PBXFileReference; lastKnownFileType = image.png; path = MDACDarkCellBackgroundBottom.png; sourceTree = "<group>"; };
		840B35711708FE76002EBDF4 /* MDACDarkCellBackgroundBottom@2x.png */ = {isa = PBXFileReference; lastKnownFileType = image.png; path = "MDACDarkCellBackgroundBottom@2x.png"; sourceTree = "<group>"; };
		840B35721708FE76002EBDF4 /* MDACDarkCellBackgroundMiddle.png */ = {isa = PBXFileReference; lastKnownFileType = image.png; path = MDACDarkCellBackgroundMiddle.png; sourceTree = "<group>"; };
		840B35731708FE76002EBDF4 /* MDACDarkCellBackgroundMiddle@2x.png */ = {isa = PBXFileReference; lastKnownFileType = image.png; path = "MDACDarkCellBackgroundMiddle@2x.png"; sourceTree = "<group>"; };
		840B35741708FE76002EBDF4 /* MDACDarkCellBackgroundSelectedBottom.png */ = {isa = PBXFileReference; lastKnownFileType = image.png; path = MDACDarkCellBackgroundSelectedBottom.png; sourceTree = "<group>"; };
		840B35751708FE76002EBDF4 /* MDACDarkCellBackgroundSelectedBottom@2x.png */ = {isa = PBXFileReference; lastKnownFileType = image.png; path = "MDACDarkCellBackgroundSelectedBottom@2x.png"; sourceTree = "<group>"; };
		840B35761708FE76002EBDF4 /* MDACDarkCellBackgroundSelectedMiddle.png */ = {isa = PBXFileReference; lastKnownFileType = image.png; path = MDACDarkCellBackgroundSelectedMiddle.png; sourceTree = "<group>"; };
		840B35771708FE76002EBDF4 /* MDACDarkCellBackgroundSelectedMiddle@2x.png */ = {isa = PBXFileReference; lastKnownFileType = image.png; path = "MDACDarkCellBackgroundSelectedMiddle@2x.png"; sourceTree = "<group>"; };
		840B35781708FE76002EBDF4 /* MDACDarkCellBackgroundSelectedSingle.png */ = {isa = PBXFileReference; lastKnownFileType = image.png; path = MDACDarkCellBackgroundSelectedSingle.png; sourceTree = "<group>"; };
		840B35791708FE76002EBDF4 /* MDACDarkCellBackgroundSelectedSingle@2x.png */ = {isa = PBXFileReference; lastKnownFileType = image.png; path = "MDACDarkCellBackgroundSelectedSingle@2x.png"; sourceTree = "<group>"; };
		840B357A1708FE76002EBDF4 /* MDACDarkCellBackgroundSelectedTop.png */ = {isa = PBXFileReference; lastKnownFileType = image.png; path = MDACDarkCellBackgroundSelectedTop.png; sourceTree = "<group>"; };
		840B357B1708FE76002EBDF4 /* MDACDarkCellBackgroundSelectedTop@2x.png */ = {isa = PBXFileReference; lastKnownFileType = image.png; path = "MDACDarkCellBackgroundSelectedTop@2x.png"; sourceTree = "<group>"; };
		840B357C1708FE76002EBDF4 /* MDACDarkCellBackgroundSingle.png */ = {isa = PBXFileReference; lastKnownFileType = image.png; path = MDACDarkCellBackgroundSingle.png; sourceTree = "<group>"; };
		840B357D1708FE76002EBDF4 /* MDACDarkCellBackgroundSingle@2x.png */ = {isa = PBXFileReference; lastKnownFileType = image.png; path = "MDACDarkCellBackgroundSingle@2x.png"; sourceTree = "<group>"; };
		840B357E1708FE76002EBDF4 /* MDACDarkCellBackgroundTop.png */ = {isa = PBXFileReference; lastKnownFileType = image.png; path = MDACDarkCellBackgroundTop.png; sourceTree = "<group>"; };
		840B357F1708FE76002EBDF4 /* MDACDarkCellBackgroundTop@2x.png */ = {isa = PBXFileReference; lastKnownFileType = image.png; path = "MDACDarkCellBackgroundTop@2x.png"; sourceTree = "<group>"; };
		840B35801708FE76002EBDF4 /* MDACDarkLinkArrow.png */ = {isa = PBXFileReference; lastKnownFileType = image.png; path = MDACDarkLinkArrow.png; sourceTree = "<group>"; };
		840B35811708FE76002EBDF4 /* MDACDarkLinkArrow@2x.png */ = {isa = PBXFileReference; lastKnownFileType = image.png; path = "MDACDarkLinkArrow@2x.png"; sourceTree = "<group>"; };
		840B35821708FE76002EBDF4 /* MDACDoneButton.png */ = {isa = PBXFileReference; lastKnownFileType = image.png; path = MDACDoneButton.png; sourceTree = "<group>"; };
		840B35831708FE76002EBDF4 /* MDACDoneButton@2x.png */ = {isa = PBXFileReference; lastKnownFileType = image.png; path = "MDACDoneButton@2x.png"; sourceTree = "<group>"; };
		840B35841708FE76002EBDF4 /* MDACDoneButtonPressed.png */ = {isa = PBXFileReference; lastKnownFileType = image.png; path = MDACDoneButtonPressed.png; sourceTree = "<group>"; };
		840B35851708FE76002EBDF4 /* MDACDoneButtonPressed@2x.png */ = {isa = PBXFileReference; lastKnownFileType = image.png; path = "MDACDoneButtonPressed@2x.png"; sourceTree = "<group>"; };
		840B35861708FE76002EBDF4 /* MDACIconMask.png */ = {isa = PBXFileReference; lastKnownFileType = image.png; path = MDACIconMask.png; sourceTree = "<group>"; };
		840B35871708FE76002EBDF4 /* MDACIconMask@2x.png */ = {isa = PBXFileReference; lastKnownFileType = image.png; path = "MDACIconMask@2x.png"; sourceTree = "<group>"; };
		840B35881708FE76002EBDF4 /* MDACIconMask@2x~ipad.png */ = {isa = PBXFileReference; lastKnownFileType = image.png; path = "MDACIconMask@2x~ipad.png"; sourceTree = "<group>"; };
		840B35891708FE76002EBDF4 /* MDACIconMask~ipad.png */ = {isa = PBXFileReference; lastKnownFileType = image.png; path = "MDACIconMask~ipad.png"; sourceTree = "<group>"; };
		840B358A1708FE76002EBDF4 /* MDACIconOverlay.png */ = {isa = PBXFileReference; lastKnownFileType = image.png; path = MDACIconOverlay.png; sourceTree = "<group>"; };
		840B358B1708FE76002EBDF4 /* MDACIconOverlay@2x.png */ = {isa = PBXFileReference; lastKnownFileType = image.png; path = "MDACIconOverlay@2x.png"; sourceTree = "<group>"; };
		840B358C1708FE76002EBDF4 /* MDACIconOverlay@2x~ipad.png */ = {isa = PBXFileReference; lastKnownFileType = image.png; path = "MDACIconOverlay@2x~ipad.png"; sourceTree = "<group>"; };
		840B358D1708FE76002EBDF4 /* MDACIconOverlay~ipad.png */ = {isa = PBXFileReference; lastKnownFileType = image.png; path = "MDACIconOverlay~ipad.png"; sourceTree = "<group>"; };
		840B358E1708FE76002EBDF4 /* MDACIconShadow.png */ = {isa = PBXFileReference; lastKnownFileType = image.png; path = MDACIconShadow.png; sourceTree = "<group>"; };
		840B358F1708FE76002EBDF4 /* MDACIconShadow@2x.png */ = {isa = PBXFileReference; lastKnownFileType = image.png; path = "MDACIconShadow@2x.png"; sourceTree = "<group>"; };
		840B35901708FE76002EBDF4 /* MDACIconShadow@2x~ipad.png */ = {isa = PBXFileReference; lastKnownFileType = image.png; path = "MDACIconShadow@2x~ipad.png"; sourceTree = "<group>"; };
		840B35911708FE76002EBDF4 /* MDACIconShadow~ipad.png */ = {isa = PBXFileReference; lastKnownFileType = image.png; path = "MDACIconShadow~ipad.png"; sourceTree = "<group>"; };
		840B35921708FE76002EBDF4 /* MDACLinkArrow.png */ = {isa = PBXFileReference; lastKnownFileType = image.png; path = MDACLinkArrow.png; sourceTree = "<group>"; };
		840B35931708FE76002EBDF4 /* MDACLinkArrow@2x.png */ = {isa = PBXFileReference; lastKnownFileType = image.png; path = "MDACLinkArrow@2x.png"; sourceTree = "<group>"; };
		840B35941708FE76002EBDF4 /* MDACTitleBar.png */ = {isa = PBXFileReference; lastKnownFileType = image.png; path = MDACTitleBar.png; sourceTree = "<group>"; };
		840B35951708FE76002EBDF4 /* MDACTitleBar@2x.png */ = {isa = PBXFileReference; lastKnownFileType = image.png; path = "MDACTitleBar@2x.png"; sourceTree = "<group>"; };
		8417058714C75EA100ACF050 /* SnapFresh.app */ = {isa = PBXFileReference; explicitFileType = wrapper.application; includeInIndex = 0; path = SnapFresh.app; sourceTree = BUILT_PRODUCTS_DIR; };
		8417058B14C75EA100ACF050 /* UIKit.framework */ = {isa = PBXFileReference; lastKnownFileType = wrapper.framework; name = UIKit.framework; path = System/Library/Frameworks/UIKit.framework; sourceTree = SDKROOT; };
		8417058D14C75EA100ACF050 /* Foundation.framework */ = {isa = PBXFileReference; lastKnownFileType = wrapper.framework; name = Foundation.framework; path = System/Library/Frameworks/Foundation.framework; sourceTree = SDKROOT; };
		8417058F14C75EA100ACF050 /* CoreGraphics.framework */ = {isa = PBXFileReference; lastKnownFileType = wrapper.framework; name = CoreGraphics.framework; path = System/Library/Frameworks/CoreGraphics.framework; sourceTree = SDKROOT; };
		8417059314C75EA100ACF050 /* SnapFresh-Info.plist */ = {isa = PBXFileReference; lastKnownFileType = text.plist.xml; path = "SnapFresh-Info.plist"; sourceTree = "<group>"; };
		8417059714C75EA100ACF050 /* main.m */ = {isa = PBXFileReference; lastKnownFileType = sourcecode.c.objc; path = main.m; sourceTree = "<group>"; };
		8417059914C75EA100ACF050 /* SnapFresh-Prefix.pch */ = {isa = PBXFileReference; lastKnownFileType = sourcecode.c.h; path = "SnapFresh-Prefix.pch"; sourceTree = "<group>"; };
		8417059A14C75EA100ACF050 /* AppDelegate.h */ = {isa = PBXFileReference; lastKnownFileType = sourcecode.c.h; path = AppDelegate.h; sourceTree = "<group>"; };
		8417059B14C75EA100ACF050 /* AppDelegate.m */ = {isa = PBXFileReference; lastKnownFileType = sourcecode.c.objc; path = AppDelegate.m; sourceTree = "<group>"; };
		841705AB14C760D200ACF050 /* MapKit.framework */ = {isa = PBXFileReference; lastKnownFileType = wrapper.framework; name = MapKit.framework; path = System/Library/Frameworks/MapKit.framework; sourceTree = SDKROOT; };
		841705BD14C7688500ACF050 /* SystemConfiguration.framework */ = {isa = PBXFileReference; lastKnownFileType = wrapper.framework; name = SystemConfiguration.framework; path = System/Library/Frameworks/SystemConfiguration.framework; sourceTree = SDKROOT; };
		841705C414C76D8B00ACF050 /* CoreLocation.framework */ = {isa = PBXFileReference; lastKnownFileType = wrapper.framework; name = CoreLocation.framework; path = System/Library/Frameworks/CoreLocation.framework; sourceTree = SDKROOT; };
		842298A114CA146600D84986 /* AddressBookUI.framework */ = {isa = PBXFileReference; lastKnownFileType = wrapper.framework; name = AddressBookUI.framework; path = System/Library/Frameworks/AddressBookUI.framework; sourceTree = SDKROOT; };
		843B6BAF158ED09C0031A968 /* SVProgressHUD.bundle */ = {isa = PBXFileReference; lastKnownFileType = "wrapper.plug-in"; path = SVProgressHUD.bundle; sourceTree = "<group>"; };
		843B6BB0158ED09C0031A968 /* SVProgressHUD.h */ = {isa = PBXFileReference; fileEncoding = 4; lastKnownFileType = sourcecode.c.h; path = SVProgressHUD.h; sourceTree = "<group>"; };
		843B6BB1158ED09C0031A968 /* SVProgressHUD.m */ = {isa = PBXFileReference; fileEncoding = 4; lastKnownFileType = sourcecode.c.objc; path = SVProgressHUD.m; sourceTree = "<group>"; };
		847E5DD4169953F90093228B /* RequestController.h */ = {isa = PBXFileReference; fileEncoding = 4; lastKnownFileType = sourcecode.c.h; path = RequestController.h; sourceTree = "<group>"; };
		847E5DD5169953F90093228B /* RequestController.m */ = {isa = PBXFileReference; fileEncoding = 4; lastKnownFileType = sourcecode.c.objc; path = RequestController.m; sourceTree = "<group>"; };
		84AFF097152C1D72007F4534 /* snap.png */ = {isa = PBXFileReference; lastKnownFileType = image.png; name = snap.png; path = Images/snap.png; sourceTree = "<group>"; };
		84AFF099152C202D007F4534 /* snap@2x.png */ = {isa = PBXFileReference; lastKnownFileType = image.png; name = "snap@2x.png"; path = "Images/snap@2x.png"; sourceTree = "<group>"; };
		84AFF0AF152C48DB007F4534 /* yelp_logo.png */ = {isa = PBXFileReference; lastKnownFileType = image.png; name = yelp_logo.png; path = Images/yelp_logo.png; sourceTree = "<group>"; };
		84AFF0B0152C48DB007F4534 /* yelp_logo@2x.png */ = {isa = PBXFileReference; lastKnownFileType = image.png; name = "yelp_logo@2x.png"; path = "Images/yelp_logo@2x.png"; sourceTree = "<group>"; };
		84B78CFC158EE54E00033B7F /* ListViewController.h */ = {isa = PBXFileReference; fileEncoding = 4; lastKnownFileType = sourcecode.c.h; path = ListViewController.h; sourceTree = "<group>"; };
		84B78CFD158EE54E00033B7F /* ListViewController.m */ = {isa = PBXFileReference; fileEncoding = 4; lastKnownFileType = sourcecode.c.objc; path = ListViewController.m; sourceTree = "<group>"; };
		84B78CFE158EE54E00033B7F /* MapViewController.h */ = {isa = PBXFileReference; fileEncoding = 4; lastKnownFileType = sourcecode.c.h; path = MapViewController.h; sourceTree = "<group>"; };
		84B78CFF158EE54E00033B7F /* MapViewController.m */ = {isa = PBXFileReference; fileEncoding = 4; lastKnownFileType = sourcecode.c.objc; path = MapViewController.m; sourceTree = "<group>"; };
		84B78D03158EE55800033B7F /* SnapRetailer.h */ = {isa = PBXFileReference; fileEncoding = 4; lastKnownFileType = sourcecode.c.h; path = SnapRetailer.h; sourceTree = "<group>"; };
		84B78D04158EE55800033B7F /* SnapRetailer.m */ = {isa = PBXFileReference; fileEncoding = 4; lastKnownFileType = sourcecode.c.objc; path = SnapRetailer.m; sourceTree = "<group>"; };
		84B78D0A158EF0A100033B7F /* Constants.h */ = {isa = PBXFileReference; fileEncoding = 4; lastKnownFileType = sourcecode.c.h; path = Constants.h; sourceTree = "<group>"; };
		84B78D0B158EF0A100033B7F /* Constants.m */ = {isa = PBXFileReference; fileEncoding = 4; lastKnownFileType = sourcecode.c.objc; path = Constants.m; sourceTree = "<group>"; };
		84C89E9514CF6EBC00F68CE0 /* snaplogo.png */ = {isa = PBXFileReference; lastKnownFileType = image.png; name = snaplogo.png; path = Images/snaplogo.png; sourceTree = "<group>"; };
		84D96C4F152CA0D300C7CA02 /* snapfreshlogo@2x.png */ = {isa = PBXFileReference; lastKnownFileType = image.png; name = "snapfreshlogo@2x.png"; path = "Images/snapfreshlogo@2x.png"; sourceTree = "<group>"; };
		84DE528E14C949E50023073E /* snapfreshlogo.png */ = {isa = PBXFileReference; lastKnownFileType = image.png; name = snapfreshlogo.png; path = Images/snapfreshlogo.png; sourceTree = "<group>"; };
		84F7F138161758D400196B65 /* AddressBook.framework */ = {isa = PBXFileReference; lastKnownFileType = wrapper.framework; name = AddressBook.framework; path = System/Library/Frameworks/AddressBook.framework; sourceTree = SDKROOT; };
		BE655AAF160E72BC003C32B6 /* MapUtils.h */ = {isa = PBXFileReference; fileEncoding = 4; lastKnownFileType = sourcecode.c.h; path = MapUtils.h; sourceTree = "<group>"; };
		BE655AB0160E72BC003C32B6 /* MapUtils.m */ = {isa = PBXFileReference; fileEncoding = 4; lastKnownFileType = sourcecode.c.objc; path = MapUtils.m; sourceTree = "<group>"; };
		BE821E21161A877600AB8620 /* CoreData.framework */ = {isa = PBXFileReference; lastKnownFileType = wrapper.framework; name = CoreData.framework; path = System/Library/Frameworks/CoreData.framework; sourceTree = SDKROOT; };
		BE821E24161A87BB00AB8620 /* Security.framework */ = {isa = PBXFileReference; lastKnownFileType = wrapper.framework; name = Security.framework; path = System/Library/Frameworks/Security.framework; sourceTree = SDKROOT; };
		BE821E26161A87CC00AB8620 /* QuartzCore.framework */ = {isa = PBXFileReference; lastKnownFileType = wrapper.framework; name = QuartzCore.framework; path = System/Library/Frameworks/QuartzCore.framework; sourceTree = SDKROOT; };
		BE8870381623650800610EBA /* 193-location-arrow.png */ = {isa = PBXFileReference; lastKnownFileType = image.png; name = "193-location-arrow.png"; path = "Images/193-location-arrow.png"; sourceTree = "<group>"; };
		BE8870391623650800610EBA /* 193-location-arrow@2x.png */ = {isa = PBXFileReference; lastKnownFileType = image.png; name = "193-location-arrow@2x.png"; path = "Images/193-location-arrow@2x.png"; sourceTree = "<group>"; };
		BE88703D1623704100610EBA /* 103-map.png */ = {isa = PBXFileReference; lastKnownFileType = image.png; name = "103-map.png"; path = "Images/103-map.png"; sourceTree = "<group>"; };
		BE88703E1623704100610EBA /* 103-map@2x.png */ = {isa = PBXFileReference; lastKnownFileType = image.png; name = "103-map@2x.png"; path = "Images/103-map@2x.png"; sourceTree = "<group>"; };
		BE88703F1623704100610EBA /* 259-list.png */ = {isa = PBXFileReference; lastKnownFileType = image.png; name = "259-list.png"; path = "Images/259-list.png"; sourceTree = "<group>"; };
		BE8870401623704100610EBA /* 259-list@2x.png */ = {isa = PBXFileReference; lastKnownFileType = image.png; name = "259-list@2x.png"; path = "Images/259-list@2x.png"; sourceTree = "<group>"; };
		BEFF210216249846004AD960 /* MainStoryboard_iPad.storyboard */ = {isa = PBXFileReference; fileEncoding = 4; lastKnownFileType = file.storyboard; path = MainStoryboard_iPad.storyboard; sourceTree = "<group>"; };
		BEFF210316249846004AD960 /* MainStoryboard_iPhone.storyboard */ = {isa = PBXFileReference; fileEncoding = 4; lastKnownFileType = file.storyboard; path = MainStoryboard_iPhone.storyboard; sourceTree = "<group>"; };
		BEFF210A16249AF9004AD960 /* en */ = {isa = PBXFileReference; lastKnownFileType = text.plist.strings; name = en; path = en.lproj/InfoPlist.strings; sourceTree = "<group>"; };
		BEFF210C16249AF9004AD960 /* en */ = {isa = PBXFileReference; lastKnownFileType = text.plist.strings; name = en; path = en.lproj/Localizable.strings; sourceTree = "<group>"; };
		BEFF210D16249AF9004AD960 /* es */ = {isa = PBXFileReference; lastKnownFileType = text.plist.strings; name = es; path = es.lproj/InfoPlist.strings; sourceTree = "<group>"; };
		BEFF210E16249AF9004AD960 /* es */ = {isa = PBXFileReference; lastKnownFileType = text.plist.strings; name = es; path = es.lproj/Localizable.strings; sourceTree = "<group>"; };
		BEFF211116249E84004AD960 /* zh-Hans */ = {isa = PBXFileReference; lastKnownFileType = text.plist.strings; name = "zh-Hans"; path = "zh-Hans.lproj/InfoPlist.strings"; sourceTree = "<group>"; };
		BEFF211216249E84004AD960 /* zh-Hans */ = {isa = PBXFileReference; lastKnownFileType = text.plist.strings; name = "zh-Hans"; path = "zh-Hans.lproj/Localizable.strings"; sourceTree = "<group>"; };
/* End PBXFileReference section */

/* Begin PBXFrameworksBuildPhase section */
		570D881D18414A860044FCB8 /* Frameworks */ = {
			isa = PBXFrameworksBuildPhase;
			buildActionMask = 2147483647;
			files = (
				570D882218414A860044FCB8 /* XCTest.framework in Frameworks */,
				570D882418414A860044FCB8 /* UIKit.framework in Frameworks */,
				570D882318414A860044FCB8 /* Foundation.framework in Frameworks */,
			);
			runOnlyForDeploymentPostprocessing = 0;
		};
		8417058414C75EA100ACF050 /* Frameworks */ = {
			isa = PBXFrameworksBuildPhase;
			buildActionMask = 2147483647;
			files = (
				57D1F795180B3AE200E89CDD /* libz.dylib in Frameworks */,
				57D1F791180B39F700E89CDD /* libTestFlight.a in Frameworks */,
				BE821E27161A87CC00AB8620 /* QuartzCore.framework in Frameworks */,
				BE821E25161A87BB00AB8620 /* Security.framework in Frameworks */,
				BE821E23161A879000AB8620 /* SystemConfiguration.framework in Frameworks */,
				8408F89E16031BF60008639E /* CFNetwork.framework in Frameworks */,
				84F7F139161758D400196B65 /* AddressBook.framework in Frameworks */,
				842298A414CA147300D84986 /* AddressBookUI.framework in Frameworks */,
				841705C614C76D9800ACF050 /* CoreLocation.framework in Frameworks */,
				841705AD14C760E100ACF050 /* MapKit.framework in Frameworks */,
				8417058C14C75EA100ACF050 /* UIKit.framework in Frameworks */,
				8417058E14C75EA100ACF050 /* Foundation.framework in Frameworks */,
				8417059014C75EA100ACF050 /* CoreGraphics.framework in Frameworks */,
			);
			runOnlyForDeploymentPostprocessing = 0;
		};
/* End PBXFrameworksBuildPhase section */

/* Begin PBXGroup section */
		5703C8E917FB2E8600340FA5 /* AFNetworking */ = {
			isa = PBXGroup;
			children = (
				5703C8EA17FB2E8600340FA5 /* AFHTTPRequestOperation.h */,
				5703C8EB17FB2E8600340FA5 /* AFHTTPRequestOperation.m */,
				5703C8EC17FB2E8600340FA5 /* AFHTTPRequestOperationManager.h */,
				5703C8ED17FB2E8600340FA5 /* AFHTTPRequestOperationManager.m */,
				5703C8EE17FB2E8600340FA5 /* AFHTTPSessionManager.h */,
				5703C8EF17FB2E8600340FA5 /* AFHTTPSessionManager.m */,
				5703C8F017FB2E8600340FA5 /* AFNetworking.h */,
				5703C8F117FB2E8600340FA5 /* AFNetworkReachabilityManager.h */,
				5703C8F217FB2E8600340FA5 /* AFNetworkReachabilityManager.m */,
				5703C8F317FB2E8600340FA5 /* AFSecurityPolicy.h */,
				5703C8F417FB2E8600340FA5 /* AFSecurityPolicy.m */,
				5703C8F517FB2E8600340FA5 /* AFURLConnectionOperation.h */,
				5703C8F617FB2E8600340FA5 /* AFURLConnectionOperation.m */,
				5703C8F717FB2E8600340FA5 /* AFURLRequestSerialization.h */,
				5703C8F817FB2E8600340FA5 /* AFURLRequestSerialization.m */,
				5703C8F917FB2E8600340FA5 /* AFURLResponseSerialization.h */,
				5703C8FA17FB2E8600340FA5 /* AFURLResponseSerialization.m */,
				5703C8FB17FB2E8600340FA5 /* AFURLSessionManager.h */,
				5703C8FC17FB2E8600340FA5 /* AFURLSessionManager.m */,
			);
			name = AFNetworking;
			path = AFNetworking/AFNetworking;
			sourceTree = "<group>";
		};
		570D882518414A860044FCB8 /* SnapFreshTests */ = {
			isa = PBXGroup;
			children = (
				570D882B18414A860044FCB8 /* SnapFreshTests.m */,
				570D882618414A860044FCB8 /* Supporting Files */,
			);
			path = SnapFreshTests;
			sourceTree = "<group>";
		};
		570D882618414A860044FCB8 /* Supporting Files */ = {
			isa = PBXGroup;
			children = (
				570D882718414A860044FCB8 /* SnapFreshTests-Info.plist */,
				570D882818414A860044FCB8 /* InfoPlist.strings */,
				570D882D18414A860044FCB8 /* SnapFreshTests-Prefix.pch */,
			);
			name = "Supporting Files";
			sourceTree = "<group>";
		};
		57D1F78A180B39F700E89CDD /* TestFlightSDK2 */ = {
			isa = PBXGroup;
			children = (
				57D1F78B180B39F700E89CDD /* libTestFlight.a */,
				57D1F78C180B39F700E89CDD /* README.md */,
				57D1F78D180B39F700E89CDD /* release_notes.md */,
				57D1F78E180B39F700E89CDD /* TestFlight+AsyncLogging.h */,
				57D1F78F180B39F700E89CDD /* TestFlight+ManualSessions.h */,
				57D1F790180B39F700E89CDD /* TestFlight.h */,
			);
			path = TestFlightSDK2;
			sourceTree = "<group>";
		};
		840B35401708FE76002EBDF4 /* MDAboutController */ = {
			isa = PBXGroup;
			children = (
				840B35411708FE76002EBDF4 /* Classes */,
				840B355D1708FE76002EBDF4 /* Images */,
			);
			path = MDAboutController;
			sourceTree = "<group>";
		};
		840B35411708FE76002EBDF4 /* Classes */ = {
			isa = PBXGroup;
			children = (
				840B35421708FE76002EBDF4 /* MDAboutController.h */,
				840B35431708FE76002EBDF4 /* MDAboutController.m */,
				840B35441708FE76002EBDF4 /* MDAboutNavigationController.h */,
				840B35451708FE76002EBDF4 /* MDAboutNavigationController.m */,
				840B35461708FE76002EBDF4 /* MDACClasses.h */,
				840B35471708FE76002EBDF4 /* MDACCredit.h */,
				840B35481708FE76002EBDF4 /* MDACCredit.m */,
				840B35491708FE76002EBDF4 /* MDACCreditItem.h */,
				840B354A1708FE76002EBDF4 /* MDACCreditItem.m */,
				840B354B1708FE76002EBDF4 /* MDACIconCredit.h */,
				840B354C1708FE76002EBDF4 /* MDACIconCredit.m */,
				840B354D1708FE76002EBDF4 /* MDACImageCredit.h */,
				840B354E1708FE76002EBDF4 /* MDACImageCredit.m */,
				840B354F1708FE76002EBDF4 /* MDACListCredit.h */,
				840B35501708FE76002EBDF4 /* MDACListCredit.m */,
				840B35511708FE76002EBDF4 /* MDACMochiDevStyle.h */,
				840B35521708FE76002EBDF4 /* MDACMochiDevStyle.m */,
				840B35531708FE76002EBDF4 /* MDACStyle.h */,
				840B35541708FE76002EBDF4 /* MDACStyle.m */,
				840B35551708FE76002EBDF4 /* MDACTextCredit.h */,
				840B35561708FE76002EBDF4 /* MDACTextCredit.m */,
				840B35571708FE76002EBDF4 /* MDACTitleBar.h */,
				840B35581708FE76002EBDF4 /* MDACTitleBar.m */,
				840B35591708FE76002EBDF4 /* MDACWebViewController.h */,
				840B355A1708FE76002EBDF4 /* MDACWebViewController.m */,
				840B355B1708FE76002EBDF4 /* UIImage+DBMaskedImageAdditions.h */,
				840B355C1708FE76002EBDF4 /* UIImage+DBMaskedImageAdditions.m */,
			);
			path = Classes;
			sourceTree = "<group>";
		};
		840B355D1708FE76002EBDF4 /* Images */ = {
			isa = PBXGroup;
			children = (
				840B355E1708FE76002EBDF4 /* MDACBackground.png */,
				840B355F1708FE76002EBDF4 /* MDACBackground@2x.png */,
				840B35601708FE76002EBDF4 /* MDACCellBackgroundBottom.png */,
				840B35611708FE76002EBDF4 /* MDACCellBackgroundBottom@2x.png */,
				840B35621708FE76002EBDF4 /* MDACCellBackgroundMiddle.png */,
				840B35631708FE76002EBDF4 /* MDACCellBackgroundMiddle@2x.png */,
				840B35641708FE76002EBDF4 /* MDACCellBackgroundSelectedBottom.png */,
				840B35651708FE76002EBDF4 /* MDACCellBackgroundSelectedBottom@2x.png */,
				840B35661708FE76002EBDF4 /* MDACCellBackgroundSelectedMiddle.png */,
				840B35671708FE76002EBDF4 /* MDACCellBackgroundSelectedMiddle@2x.png */,
				840B35681708FE76002EBDF4 /* MDACCellBackgroundSelectedSingle.png */,
				840B35691708FE76002EBDF4 /* MDACCellBackgroundSelectedSingle@2x.png */,
				840B356A1708FE76002EBDF4 /* MDACCellBackgroundSelectedTop.png */,
				840B356B1708FE76002EBDF4 /* MDACCellBackgroundSelectedTop@2x.png */,
				840B356C1708FE76002EBDF4 /* MDACCellBackgroundSingle.png */,
				840B356D1708FE76002EBDF4 /* MDACCellBackgroundSingle@2x.png */,
				840B356E1708FE76002EBDF4 /* MDACCellBackgroundTop.png */,
				840B356F1708FE76002EBDF4 /* MDACCellBackgroundTop@2x.png */,
				840B35701708FE76002EBDF4 /* MDACDarkCellBackgroundBottom.png */,
				840B35711708FE76002EBDF4 /* MDACDarkCellBackgroundBottom@2x.png */,
				840B35721708FE76002EBDF4 /* MDACDarkCellBackgroundMiddle.png */,
				840B35731708FE76002EBDF4 /* MDACDarkCellBackgroundMiddle@2x.png */,
				840B35741708FE76002EBDF4 /* MDACDarkCellBackgroundSelectedBottom.png */,
				840B35751708FE76002EBDF4 /* MDACDarkCellBackgroundSelectedBottom@2x.png */,
				840B35761708FE76002EBDF4 /* MDACDarkCellBackgroundSelectedMiddle.png */,
				840B35771708FE76002EBDF4 /* MDACDarkCellBackgroundSelectedMiddle@2x.png */,
				840B35781708FE76002EBDF4 /* MDACDarkCellBackgroundSelectedSingle.png */,
				840B35791708FE76002EBDF4 /* MDACDarkCellBackgroundSelectedSingle@2x.png */,
				840B357A1708FE76002EBDF4 /* MDACDarkCellBackgroundSelectedTop.png */,
				840B357B1708FE76002EBDF4 /* MDACDarkCellBackgroundSelectedTop@2x.png */,
				840B357C1708FE76002EBDF4 /* MDACDarkCellBackgroundSingle.png */,
				840B357D1708FE76002EBDF4 /* MDACDarkCellBackgroundSingle@2x.png */,
				840B357E1708FE76002EBDF4 /* MDACDarkCellBackgroundTop.png */,
				840B357F1708FE76002EBDF4 /* MDACDarkCellBackgroundTop@2x.png */,
				840B35801708FE76002EBDF4 /* MDACDarkLinkArrow.png */,
				840B35811708FE76002EBDF4 /* MDACDarkLinkArrow@2x.png */,
				840B35821708FE76002EBDF4 /* MDACDoneButton.png */,
				840B35831708FE76002EBDF4 /* MDACDoneButton@2x.png */,
				840B35841708FE76002EBDF4 /* MDACDoneButtonPressed.png */,
				840B35851708FE76002EBDF4 /* MDACDoneButtonPressed@2x.png */,
				840B35861708FE76002EBDF4 /* MDACIconMask.png */,
				840B35871708FE76002EBDF4 /* MDACIconMask@2x.png */,
				840B35881708FE76002EBDF4 /* MDACIconMask@2x~ipad.png */,
				840B35891708FE76002EBDF4 /* MDACIconMask~ipad.png */,
				840B358A1708FE76002EBDF4 /* MDACIconOverlay.png */,
				840B358B1708FE76002EBDF4 /* MDACIconOverlay@2x.png */,
				840B358C1708FE76002EBDF4 /* MDACIconOverlay@2x~ipad.png */,
				840B358D1708FE76002EBDF4 /* MDACIconOverlay~ipad.png */,
				840B358E1708FE76002EBDF4 /* MDACIconShadow.png */,
				840B358F1708FE76002EBDF4 /* MDACIconShadow@2x.png */,
				840B35901708FE76002EBDF4 /* MDACIconShadow@2x~ipad.png */,
				840B35911708FE76002EBDF4 /* MDACIconShadow~ipad.png */,
				840B35921708FE76002EBDF4 /* MDACLinkArrow.png */,
				840B35931708FE76002EBDF4 /* MDACLinkArrow@2x.png */,
				840B35941708FE76002EBDF4 /* MDACTitleBar.png */,
				840B35951708FE76002EBDF4 /* MDACTitleBar@2x.png */,
			);
			path = Images;
			sourceTree = "<group>";
		};
		8417057C14C75EA100ACF050 = {
			isa = PBXGroup;
			children = (
				8417059114C75EA100ACF050 /* SnapFresh */,
				843B6B47158ED09C0031A968 /* ThirdParty */,
				570D882518414A860044FCB8 /* SnapFreshTests */,
				8417058A14C75EA100ACF050 /* Frameworks */,
				8417058814C75EA100ACF050 /* Products */,
			);
			sourceTree = "<group>";
		};
		8417058814C75EA100ACF050 /* Products */ = {
			isa = PBXGroup;
			children = (
				8417058714C75EA100ACF050 /* SnapFresh.app */,
				570D882018414A860044FCB8 /* SnapFreshTests.xctest */,
			);
			name = Products;
			sourceTree = "<group>";
		};
		8417058A14C75EA100ACF050 /* Frameworks */ = {
			isa = PBXGroup;
			children = (
				57D1F794180B3AE200E89CDD /* libz.dylib */,
				BE821E26161A87CC00AB8620 /* QuartzCore.framework */,
				BE821E24161A87BB00AB8620 /* Security.framework */,
				BE821E21161A877600AB8620 /* CoreData.framework */,
				8408F89D16031BF60008639E /* CFNetwork.framework */,
				84F7F138161758D400196B65 /* AddressBook.framework */,
				842298A114CA146600D84986 /* AddressBookUI.framework */,
				841705C414C76D8B00ACF050 /* CoreLocation.framework */,
				841705BD14C7688500ACF050 /* SystemConfiguration.framework */,
				841705AB14C760D200ACF050 /* MapKit.framework */,
				8417058B14C75EA100ACF050 /* UIKit.framework */,
				8417058D14C75EA100ACF050 /* Foundation.framework */,
				8417058F14C75EA100ACF050 /* CoreGraphics.framework */,
				570D882118414A860044FCB8 /* XCTest.framework */,
			);
			name = Frameworks;
			sourceTree = "<group>";
		};
		8417059114C75EA100ACF050 /* SnapFresh */ = {
			isa = PBXGroup;
			children = (
				8417059A14C75EA100ACF050 /* AppDelegate.h */,
				8417059B14C75EA100ACF050 /* AppDelegate.m */,
				84B78D0A158EF0A100033B7F /* Constants.h */,
				84B78D0B158EF0A100033B7F /* Constants.m */,
				84B78CFB158EE54E00033B7F /* Controllers */,
				84B78D02158EE55800033B7F /* Model */,
				84B78D06158EE55F00033B7F /* Utils */,
				57141A75183B454700852773 /* Images.xcassets */,
				8417059214C75EA100ACF050 /* Supporting Files */,
			);
			path = SnapFresh;
			sourceTree = "<group>";
		};
		8417059214C75EA100ACF050 /* Supporting Files */ = {
			isa = PBXGroup;
			children = (
				BEFF210816249AF9004AD960 /* i18n */,
				BEFF210216249846004AD960 /* MainStoryboard_iPad.storyboard */,
				BEFF210316249846004AD960 /* MainStoryboard_iPhone.storyboard */,
				8406DF9F166503880039066D /* Credits.plist */,
				8417059314C75EA100ACF050 /* SnapFresh-Info.plist */,
				8417059714C75EA100ACF050 /* main.m */,
				8417059914C75EA100ACF050 /* SnapFresh-Prefix.pch */,
				84DE528C14C9494C0023073E /* Images */,
			);
			name = "Supporting Files";
			sourceTree = "<group>";
		};
		843B6B47158ED09C0031A968 /* ThirdParty */ = {
			isa = PBXGroup;
			children = (
				5703C8E917FB2E8600340FA5 /* AFNetworking */,
				840B35401708FE76002EBDF4 /* MDAboutController */,
				843B6B9A158ED09C0031A968 /* SVProgressHUD */,
				57D1F78A180B39F700E89CDD /* TestFlightSDK2 */,
			);
			path = ThirdParty;
			sourceTree = "<group>";
		};
		843B6B9A158ED09C0031A968 /* SVProgressHUD */ = {
			isa = PBXGroup;
			children = (
				843B6BAE158ED09C0031A968 /* SVProgressHUD */,
			);
			path = SVProgressHUD;
			sourceTree = "<group>";
		};
		843B6BAE158ED09C0031A968 /* SVProgressHUD */ = {
			isa = PBXGroup;
			children = (
				843B6BAF158ED09C0031A968 /* SVProgressHUD.bundle */,
				843B6BB0158ED09C0031A968 /* SVProgressHUD.h */,
				843B6BB1158ED09C0031A968 /* SVProgressHUD.m */,
			);
			path = SVProgressHUD;
			sourceTree = "<group>";
		};
		84B78CFB158EE54E00033B7F /* Controllers */ = {
			isa = PBXGroup;
			children = (
				84B78CFC158EE54E00033B7F /* ListViewController.h */,
				84B78CFD158EE54E00033B7F /* ListViewController.m */,
				84B78CFE158EE54E00033B7F /* MapViewController.h */,
				84B78CFF158EE54E00033B7F /* MapViewController.m */,
				847E5DD4169953F90093228B /* RequestController.h */,
				847E5DD5169953F90093228B /* RequestController.m */,
			);
			path = Controllers;
			sourceTree = "<group>";
		};
		84B78D02158EE55800033B7F /* Model */ = {
			isa = PBXGroup;
			children = (
				84B78D03158EE55800033B7F /* SnapRetailer.h */,
				84B78D04158EE55800033B7F /* SnapRetailer.m */,
			);
			path = Model;
			sourceTree = "<group>";
		};
		84B78D06158EE55F00033B7F /* Utils */ = {
			isa = PBXGroup;
			children = (
				BE655AAF160E72BC003C32B6 /* MapUtils.h */,
				BE655AB0160E72BC003C32B6 /* MapUtils.m */,
			);
			path = Utils;
			sourceTree = "<group>";
		};
		84DE528C14C9494C0023073E /* Images */ = {
			isa = PBXGroup;
			children = (
				BE88703D1623704100610EBA /* 103-map.png */,
				BE88703E1623704100610EBA /* 103-map@2x.png */,
				BE8870381623650800610EBA /* 193-location-arrow.png */,
				BE8870391623650800610EBA /* 193-location-arrow@2x.png */,
				BE88703F1623704100610EBA /* 259-list.png */,
				BE8870401623704100610EBA /* 259-list@2x.png */,
				84AFF097152C1D72007F4534 /* snap.png */,
				84AFF099152C202D007F4534 /* snap@2x.png */,
				84DE528E14C949E50023073E /* snapfreshlogo.png */,
				84D96C4F152CA0D300C7CA02 /* snapfreshlogo@2x.png */,
				84C89E9514CF6EBC00F68CE0 /* snaplogo.png */,
				84AFF0AF152C48DB007F4534 /* yelp_logo.png */,
				84AFF0B0152C48DB007F4534 /* yelp_logo@2x.png */,
			);
			name = Images;
			sourceTree = "<group>";
		};
		BEFF210816249AF9004AD960 /* i18n */ = {
			isa = PBXGroup;
			children = (
				BEFF210916249AF9004AD960 /* InfoPlist.strings */,
				BEFF210B16249AF9004AD960 /* Localizable.strings */,
			);
			path = i18n;
			sourceTree = "<group>";
		};
/* End PBXGroup section */

/* Begin PBXNativeTarget section */
		570D881F18414A860044FCB8 /* SnapFreshTests */ = {
			isa = PBXNativeTarget;
			buildConfigurationList = 570D883218414A860044FCB8 /* Build configuration list for PBXNativeTarget "SnapFreshTests" */;
			buildPhases = (
				570D881C18414A860044FCB8 /* Sources */,
				570D881D18414A860044FCB8 /* Frameworks */,
				570D881E18414A860044FCB8 /* Resources */,
			);
			buildRules = (
			);
			dependencies = (
				570D882F18414A860044FCB8 /* PBXTargetDependency */,
			);
			name = SnapFreshTests;
			productName = SnapFreshTests;
			productReference = 570D882018414A860044FCB8 /* SnapFreshTests.xctest */;
			productType = "com.apple.product-type.bundle.unit-test";
		};
		8417058614C75EA100ACF050 /* SnapFresh */ = {
			isa = PBXNativeTarget;
			buildConfigurationList = 841705A814C75EA100ACF050 /* Build configuration list for PBXNativeTarget "SnapFresh" */;
			buildPhases = (
				8417058314C75EA100ACF050 /* Sources */,
				8417058414C75EA100ACF050 /* Frameworks */,
				8417058514C75EA100ACF050 /* Resources */,
			);
			buildRules = (
			);
			dependencies = (
			);
			name = SnapFresh;
			productName = SnapFresh;
			productReference = 8417058714C75EA100ACF050 /* SnapFresh.app */;
			productType = "com.apple.product-type.application";
		};
/* End PBXNativeTarget section */

/* Begin PBXProject section */
		8417057E14C75EA100ACF050 /* Project object */ = {
			isa = PBXProject;
			attributes = {
				LastUpgradeCheck = 0500;
				ORGANIZATIONNAME = shrtlist.com;
				TargetAttributes = {
					570D881F18414A860044FCB8 = {
						TestTargetID = 8417058614C75EA100ACF050;
					};
					8417058614C75EA100ACF050 = {
						DevelopmentTeam = 6YCWDV2B6A;
						SystemCapabilities = {
							com.apple.iOS = {
								enabled = 0;
							};
						};
					};
				};
			};
			buildConfigurationList = 8417058114C75EA100ACF050 /* Build configuration list for PBXProject "SnapFresh" */;
			compatibilityVersion = "Xcode 3.2";
			developmentRegion = English;
			hasScannedForEncodings = 0;
			knownRegions = (
				en,
				English,
				French,
				German,
				es,
				"zh-Hans",
			);
			mainGroup = 8417057C14C75EA100ACF050;
			productRefGroup = 8417058814C75EA100ACF050 /* Products */;
			projectDirPath = "";
			projectRoot = "";
			targets = (
				8417058614C75EA100ACF050 /* SnapFresh */,
				570D881F18414A860044FCB8 /* SnapFreshTests */,
			);
		};
/* End PBXProject section */

/* Begin PBXResourcesBuildPhase section */
		570D881E18414A860044FCB8 /* Resources */ = {
			isa = PBXResourcesBuildPhase;
			buildActionMask = 2147483647;
			files = (
				570D882A18414A860044FCB8 /* InfoPlist.strings in Resources */,
			);
			runOnlyForDeploymentPostprocessing = 0;
		};
		8417058514C75EA100ACF050 /* Resources */ = {
			isa = PBXResourcesBuildPhase;
			buildActionMask = 2147483647;
			files = (
				84DE528F14C949E50023073E /* snapfreshlogo.png in Resources */,
				84C89E9614CF6EBC00F68CE0 /* snaplogo.png in Resources */,
				84AFF098152C1D72007F4534 /* snap.png in Resources */,
				84AFF09A152C202D007F4534 /* snap@2x.png in Resources */,
				84AFF0B1152C48DB007F4534 /* yelp_logo.png in Resources */,
				84AFF0B2152C48DB007F4534 /* yelp_logo@2x.png in Resources */,
				84D96C50152CA0D300C7CA02 /* snapfreshlogo@2x.png in Resources */,
				8406DF9D166503880039066D /* Credits.plist in Resources */,
				57141A76183B454700852773 /* Images.xcassets in Resources */,
				843B6C02158ED09D0031A968 /* SVProgressHUD.bundle in Resources */,
				BE88703A1623650800610EBA /* 193-location-arrow.png in Resources */,
				BE88703B1623650800610EBA /* 193-location-arrow@2x.png in Resources */,
				BE8870411623704100610EBA /* 103-map.png in Resources */,
				BE8870421623704100610EBA /* 103-map@2x.png in Resources */,
				BE8870431623704100610EBA /* 259-list.png in Resources */,
				BE8870441623704100610EBA /* 259-list@2x.png in Resources */,
				BEFF210416249846004AD960 /* MainStoryboard_iPad.storyboard in Resources */,
				BEFF210516249846004AD960 /* MainStoryboard_iPhone.storyboard in Resources */,
				BEFF210F16249AF9004AD960 /* InfoPlist.strings in Resources */,
				BEFF211016249AF9004AD960 /* Localizable.strings in Resources */,
				840B35A31708FE76002EBDF4 /* MDACBackground.png in Resources */,
				840B35A41708FE76002EBDF4 /* MDACBackground@2x.png in Resources */,
				840B35A51708FE76002EBDF4 /* MDACCellBackgroundBottom.png in Resources */,
				840B35A61708FE76002EBDF4 /* MDACCellBackgroundBottom@2x.png in Resources */,
				840B35A71708FE76002EBDF4 /* MDACCellBackgroundMiddle.png in Resources */,
				840B35A81708FE76002EBDF4 /* MDACCellBackgroundMiddle@2x.png in Resources */,
				840B35A91708FE76002EBDF4 /* MDACCellBackgroundSelectedBottom.png in Resources */,
				840B35AA1708FE76002EBDF4 /* MDACCellBackgroundSelectedBottom@2x.png in Resources */,
				840B35AB1708FE76002EBDF4 /* MDACCellBackgroundSelectedMiddle.png in Resources */,
				840B35AC1708FE76002EBDF4 /* MDACCellBackgroundSelectedMiddle@2x.png in Resources */,
				840B35AD1708FE76002EBDF4 /* MDACCellBackgroundSelectedSingle.png in Resources */,
				840B35AE1708FE76002EBDF4 /* MDACCellBackgroundSelectedSingle@2x.png in Resources */,
				840B35AF1708FE76002EBDF4 /* MDACCellBackgroundSelectedTop.png in Resources */,
				840B35B01708FE76002EBDF4 /* MDACCellBackgroundSelectedTop@2x.png in Resources */,
				840B35B11708FE76002EBDF4 /* MDACCellBackgroundSingle.png in Resources */,
				840B35B21708FE76002EBDF4 /* MDACCellBackgroundSingle@2x.png in Resources */,
				840B35B31708FE76002EBDF4 /* MDACCellBackgroundTop.png in Resources */,
				840B35B41708FE76002EBDF4 /* MDACCellBackgroundTop@2x.png in Resources */,
				840B35B51708FE76002EBDF4 /* MDACDarkCellBackgroundBottom.png in Resources */,
				840B35B61708FE76002EBDF4 /* MDACDarkCellBackgroundBottom@2x.png in Resources */,
				840B35B71708FE76002EBDF4 /* MDACDarkCellBackgroundMiddle.png in Resources */,
				840B35B81708FE76002EBDF4 /* MDACDarkCellBackgroundMiddle@2x.png in Resources */,
				840B35B91708FE76002EBDF4 /* MDACDarkCellBackgroundSelectedBottom.png in Resources */,
				840B35BA1708FE76002EBDF4 /* MDACDarkCellBackgroundSelectedBottom@2x.png in Resources */,
				57D1F793180B39F700E89CDD /* release_notes.md in Resources */,
				840B35BB1708FE76002EBDF4 /* MDACDarkCellBackgroundSelectedMiddle.png in Resources */,
				840B35BC1708FE76002EBDF4 /* MDACDarkCellBackgroundSelectedMiddle@2x.png in Resources */,
				840B35BD1708FE76002EBDF4 /* MDACDarkCellBackgroundSelectedSingle.png in Resources */,
				840B35BE1708FE76002EBDF4 /* MDACDarkCellBackgroundSelectedSingle@2x.png in Resources */,
				840B35BF1708FE76002EBDF4 /* MDACDarkCellBackgroundSelectedTop.png in Resources */,
				840B35C01708FE76002EBDF4 /* MDACDarkCellBackgroundSelectedTop@2x.png in Resources */,
				840B35C11708FE76002EBDF4 /* MDACDarkCellBackgroundSingle.png in Resources */,
				840B35C21708FE76002EBDF4 /* MDACDarkCellBackgroundSingle@2x.png in Resources */,
				840B35C31708FE76002EBDF4 /* MDACDarkCellBackgroundTop.png in Resources */,
				840B35C41708FE76002EBDF4 /* MDACDarkCellBackgroundTop@2x.png in Resources */,
				840B35C51708FE76002EBDF4 /* MDACDarkLinkArrow.png in Resources */,
				840B35C61708FE76002EBDF4 /* MDACDarkLinkArrow@2x.png in Resources */,
				840B35C71708FE76002EBDF4 /* MDACDoneButton.png in Resources */,
				840B35C81708FE76002EBDF4 /* MDACDoneButton@2x.png in Resources */,
				840B35C91708FE76002EBDF4 /* MDACDoneButtonPressed.png in Resources */,
				840B35CA1708FE76002EBDF4 /* MDACDoneButtonPressed@2x.png in Resources */,
				840B35CB1708FE76002EBDF4 /* MDACIconMask.png in Resources */,
				840B35CC1708FE76002EBDF4 /* MDACIconMask@2x.png in Resources */,
				840B35CD1708FE76002EBDF4 /* MDACIconMask@2x~ipad.png in Resources */,
				840B35CE1708FE76002EBDF4 /* MDACIconMask~ipad.png in Resources */,
				840B35CF1708FE76002EBDF4 /* MDACIconOverlay.png in Resources */,
				840B35D01708FE76002EBDF4 /* MDACIconOverlay@2x.png in Resources */,
				840B35D11708FE76002EBDF4 /* MDACIconOverlay@2x~ipad.png in Resources */,
				840B35D21708FE76002EBDF4 /* MDACIconOverlay~ipad.png in Resources */,
				840B35D31708FE76002EBDF4 /* MDACIconShadow.png in Resources */,
				840B35D41708FE76002EBDF4 /* MDACIconShadow@2x.png in Resources */,
				840B35D51708FE76002EBDF4 /* MDACIconShadow@2x~ipad.png in Resources */,
				840B35D61708FE76002EBDF4 /* MDACIconShadow~ipad.png in Resources */,
				840B35D71708FE76002EBDF4 /* MDACLinkArrow.png in Resources */,
				57D1F792180B39F700E89CDD /* README.md in Resources */,
				840B35D81708FE76002EBDF4 /* MDACLinkArrow@2x.png in Resources */,
				840B35D91708FE76002EBDF4 /* MDACTitleBar.png in Resources */,
				840B35DA1708FE76002EBDF4 /* MDACTitleBar@2x.png in Resources */,
			);
			runOnlyForDeploymentPostprocessing = 0;
		};
/* End PBXResourcesBuildPhase section */

/* Begin PBXSourcesBuildPhase section */
		570D881C18414A860044FCB8 /* Sources */ = {
			isa = PBXSourcesBuildPhase;
			buildActionMask = 2147483647;
			files = (
				570D882C18414A860044FCB8 /* SnapFreshTests.m in Sources */,
			);
			runOnlyForDeploymentPostprocessing = 0;
		};
		8417058314C75EA100ACF050 /* Sources */ = {
			isa = PBXSourcesBuildPhase;
			buildActionMask = 2147483647;
			files = (
				5703C90217FB2E8600340FA5 /* AFURLConnectionOperation.m in Sources */,
				8417059814C75EA100ACF050 /* main.m in Sources */,
				8417059C14C75EA100ACF050 /* AppDelegate.m in Sources */,
				5703C8FD17FB2E8600340FA5 /* AFHTTPRequestOperation.m in Sources */,
				5703C90417FB2E8600340FA5 /* AFURLResponseSerialization.m in Sources */,
				843B6C03158ED09D0031A968 /* SVProgressHUD.m in Sources */,
				84B78D00158EE54E00033B7F /* ListViewController.m in Sources */,
				84B78D01158EE54E00033B7F /* MapViewController.m in Sources */,
				84B78D05158EE55800033B7F /* SnapRetailer.m in Sources */,
				84B78D0C158EF0A100033B7F /* Constants.m in Sources */,
				BE655AB1160E72BC003C32B6 /* MapUtils.m in Sources */,
				847E5DD6169953F90093228B /* RequestController.m in Sources */,
				5703C90117FB2E8600340FA5 /* AFSecurityPolicy.m in Sources */,
				5703C90517FB2E8600340FA5 /* AFURLSessionManager.m in Sources */,
				840B35961708FE76002EBDF4 /* MDAboutController.m in Sources */,
				840B35971708FE76002EBDF4 /* MDAboutNavigationController.m in Sources */,
				5703C8FF17FB2E8600340FA5 /* AFHTTPSessionManager.m in Sources */,
				840B35981708FE76002EBDF4 /* MDACCredit.m in Sources */,
				5703C90017FB2E8600340FA5 /* AFNetworkReachabilityManager.m in Sources */,
				840B35991708FE76002EBDF4 /* MDACCreditItem.m in Sources */,
				5703C8FE17FB2E8600340FA5 /* AFHTTPRequestOperationManager.m in Sources */,
				5703C90317FB2E8600340FA5 /* AFURLRequestSerialization.m in Sources */,
				840B359A1708FE76002EBDF4 /* MDACIconCredit.m in Sources */,
				840B359B1708FE76002EBDF4 /* MDACImageCredit.m in Sources */,
				840B359C1708FE76002EBDF4 /* MDACListCredit.m in Sources */,
				840B359D1708FE76002EBDF4 /* MDACMochiDevStyle.m in Sources */,
				840B359E1708FE76002EBDF4 /* MDACStyle.m in Sources */,
				840B359F1708FE76002EBDF4 /* MDACTextCredit.m in Sources */,
				840B35A01708FE76002EBDF4 /* MDACTitleBar.m in Sources */,
				840B35A11708FE76002EBDF4 /* MDACWebViewController.m in Sources */,
				840B35A21708FE76002EBDF4 /* UIImage+DBMaskedImageAdditions.m in Sources */,
			);
			runOnlyForDeploymentPostprocessing = 0;
		};
/* End PBXSourcesBuildPhase section */

/* Begin PBXTargetDependency section */
		570D882F18414A860044FCB8 /* PBXTargetDependency */ = {
			isa = PBXTargetDependency;
			target = 8417058614C75EA100ACF050 /* SnapFresh */;
			targetProxy = 570D882E18414A860044FCB8 /* PBXContainerItemProxy */;
		};
/* End PBXTargetDependency section */

/* Begin PBXVariantGroup section */
		570D882818414A860044FCB8 /* InfoPlist.strings */ = {
			isa = PBXVariantGroup;
			children = (
				570D882918414A860044FCB8 /* en */,
			);
			name = InfoPlist.strings;
			sourceTree = "<group>";
		};
		8406DF9F166503880039066D /* Credits.plist */ = {
			isa = PBXVariantGroup;
			children = (
				8406DF9E166503880039066D /* en */,
				8406DFA1166503990039066D /* es */,
				8406DFA21665039D0039066D /* zh-Hans */,
			);
			name = Credits.plist;
			sourceTree = "<group>";
		};
		BEFF210916249AF9004AD960 /* InfoPlist.strings */ = {
			isa = PBXVariantGroup;
			children = (
				BEFF210A16249AF9004AD960 /* en */,
				BEFF210D16249AF9004AD960 /* es */,
				BEFF211116249E84004AD960 /* zh-Hans */,
			);
			name = InfoPlist.strings;
			sourceTree = "<group>";
		};
		BEFF210B16249AF9004AD960 /* Localizable.strings */ = {
			isa = PBXVariantGroup;
			children = (
				BEFF210C16249AF9004AD960 /* en */,
				BEFF210E16249AF9004AD960 /* es */,
				BEFF211216249E84004AD960 /* zh-Hans */,
			);
			name = Localizable.strings;
			sourceTree = "<group>";
		};
/* End PBXVariantGroup section */

/* Begin XCBuildConfiguration section */
		570D883018414A860044FCB8 /* Debug */ = {
			isa = XCBuildConfiguration;
			buildSettings = {
				ARCHS = "$(ARCHS_STANDARD_INCLUDING_64_BIT)";
				BUNDLE_LOADER = "$(BUILT_PRODUCTS_DIR)/SnapFresh.app/SnapFresh";
				CLANG_CXX_LANGUAGE_STANDARD = "gnu++0x";
				CLANG_CXX_LIBRARY = "libc++";
				CLANG_ENABLE_MODULES = YES;
				CLANG_WARN_DIRECT_OBJC_ISA_USAGE = YES_ERROR;
				CLANG_WARN_OBJC_ROOT_CLASS = YES_ERROR;
				FRAMEWORK_SEARCH_PATHS = (
					"$(SDKROOT)/Developer/Library/Frameworks",
					"$(inherited)",
					"$(DEVELOPER_FRAMEWORKS_DIR)",
				);
				GCC_PRECOMPILE_PREFIX_HEADER = YES;
				GCC_PREFIX_HEADER = "SnapFreshTests/SnapFreshTests-Prefix.pch";
				GCC_PREPROCESSOR_DEFINITIONS = (
					"DEBUG=1",
					"$(inherited)",
				);
				GCC_WARN_64_TO_32_BIT_CONVERSION = YES;
				GCC_WARN_ABOUT_RETURN_TYPE = YES_ERROR;
				INFOPLIST_FILE = "SnapFreshTests/SnapFreshTests-Info.plist";
				PRODUCT_NAME = "$(TARGET_NAME)";
				TEST_HOST = "$(BUNDLE_LOADER)";
				WRAPPER_EXTENSION = xctest;
			};
			name = Debug;
		};
		570D883118414A860044FCB8 /* Release */ = {
			isa = XCBuildConfiguration;
			buildSettings = {
				ARCHS = "$(ARCHS_STANDARD_INCLUDING_64_BIT)";
				BUNDLE_LOADER = "$(BUILT_PRODUCTS_DIR)/SnapFresh.app/SnapFresh";
				CLANG_CXX_LANGUAGE_STANDARD = "gnu++0x";
				CLANG_CXX_LIBRARY = "libc++";
				CLANG_ENABLE_MODULES = YES;
				CLANG_WARN_DIRECT_OBJC_ISA_USAGE = YES_ERROR;
				CLANG_WARN_OBJC_ROOT_CLASS = YES_ERROR;
				ENABLE_NS_ASSERTIONS = NO;
				FRAMEWORK_SEARCH_PATHS = (
					"$(SDKROOT)/Developer/Library/Frameworks",
					"$(inherited)",
					"$(DEVELOPER_FRAMEWORKS_DIR)",
				);
				GCC_PRECOMPILE_PREFIX_HEADER = YES;
				GCC_PREFIX_HEADER = "SnapFreshTests/SnapFreshTests-Prefix.pch";
				GCC_WARN_64_TO_32_BIT_CONVERSION = YES;
				GCC_WARN_ABOUT_RETURN_TYPE = YES_ERROR;
				INFOPLIST_FILE = "SnapFreshTests/SnapFreshTests-Info.plist";
				PRODUCT_NAME = "$(TARGET_NAME)";
				TEST_HOST = "$(BUNDLE_LOADER)";
				WRAPPER_EXTENSION = xctest;
			};
			name = Release;
		};
		841705A614C75EA100ACF050 /* Debug */ = {
			isa = XCBuildConfiguration;
			buildSettings = {
				ALWAYS_SEARCH_USER_PATHS = NO;
				ARCHS = "$(ARCHS_STANDARD_INCLUDING_64_BIT)";
				CLANG_ENABLE_OBJC_ARC = YES;
				CLANG_WARN_BOOL_CONVERSION = YES;
				CLANG_WARN_CONSTANT_CONVERSION = YES;
				CLANG_WARN_EMPTY_BODY = YES;
				CLANG_WARN_ENUM_CONVERSION = YES;
				CLANG_WARN_INT_CONVERSION = YES;
				CLANG_WARN__DUPLICATE_METHOD_MATCH = YES;
				"CODE_SIGN_IDENTITY[sdk=iphoneos*]" = "iPhone Developer";
				COPY_PHASE_STRIP = NO;
				GCC_C_LANGUAGE_STANDARD = gnu99;
				GCC_DYNAMIC_NO_PIC = NO;
				GCC_OPTIMIZATION_LEVEL = 0;
				GCC_PREPROCESSOR_DEFINITIONS = (
					"DEBUG=1",
					"$(inherited)",
				);
				GCC_SYMBOLS_PRIVATE_EXTERN = NO;
				GCC_VERSION = com.apple.compilers.llvm.clang.1_0;
				GCC_WARN_ABOUT_MISSING_PROTOTYPES = YES;
				GCC_WARN_ABOUT_RETURN_TYPE = YES;
				GCC_WARN_UNDECLARED_SELECTOR = YES;
				GCC_WARN_UNINITIALIZED_AUTOS = YES;
				GCC_WARN_UNUSED_FUNCTION = YES;
				GCC_WARN_UNUSED_VARIABLE = YES;
				IPHONEOS_DEPLOYMENT_TARGET = 7.0;
				ONLY_ACTIVE_ARCH = YES;
				SDKROOT = iphoneos;
				TARGETED_DEVICE_FAMILY = 2;
				VALID_ARCHS = "armv7 armv7s";
			};
			name = Debug;
		};
		841705A714C75EA100ACF050 /* Release */ = {
			isa = XCBuildConfiguration;
			buildSettings = {
				ALWAYS_SEARCH_USER_PATHS = NO;
				ARCHS = "$(ARCHS_STANDARD_INCLUDING_64_BIT)";
				CLANG_ENABLE_OBJC_ARC = YES;
				CLANG_WARN_BOOL_CONVERSION = YES;
				CLANG_WARN_CONSTANT_CONVERSION = YES;
				CLANG_WARN_EMPTY_BODY = YES;
				CLANG_WARN_ENUM_CONVERSION = YES;
				CLANG_WARN_INT_CONVERSION = YES;
				CLANG_WARN__DUPLICATE_METHOD_MATCH = YES;
				CODE_SIGN_IDENTITY = "iPhone Distribution";
				"CODE_SIGN_IDENTITY[sdk=iphoneos*]" = "iPhone Distribution";
				COPY_PHASE_STRIP = YES;
				GCC_C_LANGUAGE_STANDARD = gnu99;
				GCC_VERSION = com.apple.compilers.llvm.clang.1_0;
				GCC_WARN_ABOUT_MISSING_PROTOTYPES = YES;
				GCC_WARN_ABOUT_RETURN_TYPE = YES;
				GCC_WARN_UNDECLARED_SELECTOR = YES;
				GCC_WARN_UNINITIALIZED_AUTOS = YES;
				GCC_WARN_UNUSED_FUNCTION = YES;
				GCC_WARN_UNUSED_VARIABLE = YES;
				IPHONEOS_DEPLOYMENT_TARGET = 7.0;
				OTHER_CFLAGS = "-DNS_BLOCK_ASSERTIONS=1";
				"PROVISIONING_PROFILE[sdk=iphoneos*]" = "";
				SDKROOT = iphoneos;
				TARGETED_DEVICE_FAMILY = 2;
				VALIDATE_PRODUCT = YES;
				VALID_ARCHS = "armv7 armv7s";
			};
			name = Release;
		};
		841705A914C75EA100ACF050 /* Debug */ = {
			isa = XCBuildConfiguration;
			buildSettings = {
				ARCHS = "$(ARCHS_STANDARD_INCLUDING_64_BIT)";
				ASSETCATALOG_COMPILER_APPICON_NAME = AppIcon;
				ASSETCATALOG_COMPILER_LAUNCHIMAGE_NAME = LaunchImage;
				CODE_SIGN_IDENTITY = "iPhone Developer";
				FRAMEWORK_SEARCH_PATHS = "$(inherited)";
				GCC_PRECOMPILE_PREFIX_HEADER = YES;
				GCC_PREFIX_HEADER = "SnapFresh/SnapFresh-Prefix.pch";
				INFOPLIST_FILE = "SnapFresh/SnapFresh-Info.plist";
				IPHONEOS_DEPLOYMENT_TARGET = 7.0;
				LIBRARY_SEARCH_PATHS = (
					"$(inherited)",
					"\"$(SRCROOT)/ThirdParty/TestFlightSDK2\"",
				);
				PRODUCT_NAME = "$(TARGET_NAME)";
				TARGETED_DEVICE_FAMILY = "1,2";
				WRAPPER_EXTENSION = app;
			};
			name = Debug;
		};
		841705AA14C75EA100ACF050 /* Release */ = {
			isa = XCBuildConfiguration;
			buildSettings = {
				ARCHS = "$(ARCHS_STANDARD_INCLUDING_64_BIT)";
				ASSETCATALOG_COMPILER_APPICON_NAME = AppIcon;
				ASSETCATALOG_COMPILER_LAUNCHIMAGE_NAME = LaunchImage;
				CODE_SIGN_IDENTITY = "iPhone Distribution";
				FRAMEWORK_SEARCH_PATHS = "$(inherited)";
				GCC_PRECOMPILE_PREFIX_HEADER = YES;
				GCC_PREFIX_HEADER = "SnapFresh/SnapFresh-Prefix.pch";
				INFOPLIST_FILE = "SnapFresh/SnapFresh-Info.plist";
				IPHONEOS_DEPLOYMENT_TARGET = 7.0;
				LIBRARY_SEARCH_PATHS = (
					"$(inherited)",
					"\"$(SRCROOT)/ThirdParty/TestFlightSDK2\"",
				);
				PRODUCT_NAME = "$(TARGET_NAME)";
				PROVISIONING_PROFILE = "04A86629-23E7-4489-ACD3-2752CE9D3F1C";
				TARGETED_DEVICE_FAMILY = "1,2";
				WRAPPER_EXTENSION = app;
			};
			name = Release;
		};
/* End XCBuildConfiguration section */

/* Begin XCConfigurationList section */
		570D883218414A860044FCB8 /* Build configuration list for PBXNativeTarget "SnapFreshTests" */ = {
			isa = XCConfigurationList;
			buildConfigurations = (
				570D883018414A860044FCB8 /* Debug */,
				570D883118414A860044FCB8 /* Release */,
			);
			defaultConfigurationIsVisible = 0;
			defaultConfigurationName = Release;
		};
		8417058114C75EA100ACF050 /* Build configuration list for PBXProject "SnapFresh" */ = {
			isa = XCConfigurationList;
			buildConfigurations = (
				841705A614C75EA100ACF050 /* Debug */,
				841705A714C75EA100ACF050 /* Release */,
			);
			defaultConfigurationIsVisible = 0;
			defaultConfigurationName = Release;
		};
		841705A814C75EA100ACF050 /* Build configuration list for PBXNativeTarget "SnapFresh" */ = {
			isa = XCConfigurationList;
			buildConfigurations = (
				841705A914C75EA100ACF050 /* Debug */,
				841705AA14C75EA100ACF050 /* Release */,
			);
			defaultConfigurationIsVisible = 0;
			defaultConfigurationName = Release;
		};
/* End XCConfigurationList section */
	};
	rootObject = 8417057E14C75EA100ACF050 /* Project object */;
}
