// !$*UTF8*$!
{
	archiveVersion = 1;
	classes = {
	};
	objectVersion = 46;
	objects = {

/* Begin PBXBuildFile section */
		8417058C14C75EA100ACF050 /* UIKit.framework in Frameworks */ = {isa = PBXBuildFile; fileRef = 8417058B14C75EA100ACF050 /* UIKit.framework */; };
		8417058E14C75EA100ACF050 /* Foundation.framework in Frameworks */ = {isa = PBXBuildFile; fileRef = 8417058D14C75EA100ACF050 /* Foundation.framework */; };
		8417059014C75EA100ACF050 /* CoreGraphics.framework in Frameworks */ = {isa = PBXBuildFile; fileRef = 8417058F14C75EA100ACF050 /* CoreGraphics.framework */; };
		8417059614C75EA100ACF050 /* InfoPlist.strings in Resources */ = {isa = PBXBuildFile; fileRef = 8417059414C75EA100ACF050 /* InfoPlist.strings */; };
		8417059814C75EA100ACF050 /* main.m in Sources */ = {isa = PBXBuildFile; fileRef = 8417059714C75EA100ACF050 /* main.m */; };
		8417059C14C75EA100ACF050 /* AppDelegate.m in Sources */ = {isa = PBXBuildFile; fileRef = 8417059B14C75EA100ACF050 /* AppDelegate.m */; };
		8417059F14C75EA100ACF050 /* MainStoryboard_iPad.storyboard in Resources */ = {isa = PBXBuildFile; fileRef = 8417059D14C75EA100ACF050 /* MainStoryboard_iPad.storyboard */; };
		841705AD14C760E100ACF050 /* MapKit.framework in Frameworks */ = {isa = PBXBuildFile; fileRef = 841705AB14C760D200ACF050 /* MapKit.framework */; };
		841705C614C76D9800ACF050 /* CoreLocation.framework in Frameworks */ = {isa = PBXBuildFile; fileRef = 841705C414C76D8B00ACF050 /* CoreLocation.framework */; };
		8417068C14C8B41200ACF050 /* SnapRetailer.m in Sources */ = {isa = PBXBuildFile; fileRef = 8417068B14C8B41200ACF050 /* SnapRetailer.m */; };
		842298A414CA147300D84986 /* AddressBookUI.framework in Frameworks */ = {isa = PBXBuildFile; fileRef = 842298A114CA146600D84986 /* AddressBookUI.framework */; };
		84494D7814CB93FE0018133C /* MessageUI.framework in Frameworks */ = {isa = PBXBuildFile; fileRef = 84494D7614CB93EE0018133C /* MessageUI.framework */; };
		84494D7A14CB9BBE0018133C /* InAppSettings.bundle in Resources */ = {isa = PBXBuildFile; fileRef = 84494D7914CB9BBE0018133C /* InAppSettings.bundle */; };
		84AFF098152C1D72007F4534 /* snap.png in Resources */ = {isa = PBXBuildFile; fileRef = 84AFF097152C1D72007F4534 /* snap.png */; };
		84AFF09A152C202D007F4534 /* snap@2x.png in Resources */ = {isa = PBXBuildFile; fileRef = 84AFF099152C202D007F4534 /* snap@2x.png */; };
		84AFF0A9152C2F23007F4534 /* location.png in Resources */ = {isa = PBXBuildFile; fileRef = 84AFF0A7152C2F23007F4534 /* location.png */; };
		84AFF0AA152C2F23007F4534 /* location@2x.png in Resources */ = {isa = PBXBuildFile; fileRef = 84AFF0A8152C2F23007F4534 /* location@2x.png */; };
		84AFF0AD152C38BA007F4534 /* Icon.png in Resources */ = {isa = PBXBuildFile; fileRef = 84AFF0AB152C38BA007F4534 /* Icon.png */; };
		84AFF0AE152C38BA007F4534 /* Icon@2x.png in Resources */ = {isa = PBXBuildFile; fileRef = 84AFF0AC152C38BA007F4534 /* Icon@2x.png */; };
		84AFF0B1152C48DB007F4534 /* yelp_logo.png in Resources */ = {isa = PBXBuildFile; fileRef = 84AFF0AF152C48DB007F4534 /* yelp_logo.png */; };
		84AFF0B2152C48DB007F4534 /* yelp_logo@2x.png in Resources */ = {isa = PBXBuildFile; fileRef = 84AFF0B0152C48DB007F4534 /* yelp_logo@2x.png */; };
		84AFF0B4152C4A02007F4534 /* Icon-72.png in Resources */ = {isa = PBXBuildFile; fileRef = 84AFF0B3152C4A02007F4534 /* Icon-72.png */; };
		84C89E3E14CCEE6000F68CE0 /* licenses.html in Resources */ = {isa = PBXBuildFile; fileRef = 84C89E3D14CCEE6000F68CE0 /* licenses.html */; };
		84C89E8914CF413600F68CE0 /* README.markdown in Resources */ = {isa = PBXBuildFile; fileRef = 84C89E8814CF413600F68CE0 /* README.markdown */; };
		84C89E9614CF6EBC00F68CE0 /* snaplogo.png in Resources */ = {isa = PBXBuildFile; fileRef = 84C89E9514CF6EBC00F68CE0 /* snaplogo.png */; };
		84C89EC014D4D6FD00F68CE0 /* ListViewController.m in Sources */ = {isa = PBXBuildFile; fileRef = 84C89EBD14D4D6FC00F68CE0 /* ListViewController.m */; };
		84C89EC114D4D6FD00F68CE0 /* MapViewController.m in Sources */ = {isa = PBXBuildFile; fileRef = 84C89EBF14D4D6FC00F68CE0 /* MapViewController.m */; };
		84D96C50152CA0D300C7CA02 /* snapfreshlogo@2x.png in Resources */ = {isa = PBXBuildFile; fileRef = 84D96C4F152CA0D300C7CA02 /* snapfreshlogo@2x.png */; };
		84DE528F14C949E50023073E /* snapfreshlogo.png in Resources */ = {isa = PBXBuildFile; fileRef = 84DE528E14C949E50023073E /* snapfreshlogo.png */; };
		BE108577152CBEEB0015A268 /* Icon-29.png in Resources */ = {isa = PBXBuildFile; fileRef = BE108572152CBEEB0015A268 /* Icon-29.png */; };
		BE108578152CBEEB0015A268 /* Icon-29@2x.png in Resources */ = {isa = PBXBuildFile; fileRef = BE108573152CBEEB0015A268 /* Icon-29@2x.png */; };
		BE108579152CBEEB0015A268 /* Icon-50.png in Resources */ = {isa = PBXBuildFile; fileRef = BE108574152CBEEB0015A268 /* Icon-50.png */; };
		BE10857A152CBEEB0015A268 /* Icon-50@2x.png in Resources */ = {isa = PBXBuildFile; fileRef = BE108575152CBEEB0015A268 /* Icon-50@2x.png */; };
		BE10857B152CBEEB0015A268 /* Icon-72@2x.png in Resources */ = {isa = PBXBuildFile; fileRef = BE108576152CBEEB0015A268 /* Icon-72@2x.png */; };
		BE108589152CC91A0015A268 /* Default-Portrait~ipad.png in Resources */ = {isa = PBXBuildFile; fileRef = BE108588152CC91A0015A268 /* Default-Portrait~ipad.png */; };
		BE10858B152CCA450015A268 /* Default.png in Resources */ = {isa = PBXBuildFile; fileRef = BE10858A152CCA450015A268 /* Default.png */; };
		BE10858D152CCB1A0015A268 /* Default-Landscape~ipad.png in Resources */ = {isa = PBXBuildFile; fileRef = BE10858C152CCB1A0015A268 /* Default-Landscape~ipad.png */; };
		BE7C4BDC14D78C09004A06D6 /* IASKAppSettingsViewController.m in Sources */ = {isa = PBXBuildFile; fileRef = BE7C4BB614D78C09004A06D6 /* IASKAppSettingsViewController.m */; settings = {COMPILER_FLAGS = "-fno-objc-arc"; }; };
		BE7C4BDD14D78C09004A06D6 /* IASKAppSettingsWebViewController.m in Sources */ = {isa = PBXBuildFile; fileRef = BE7C4BB814D78C09004A06D6 /* IASKAppSettingsWebViewController.m */; settings = {COMPILER_FLAGS = "-fno-objc-arc"; }; };
		BE7C4BDE14D78C09004A06D6 /* IASKSpecifierValuesViewController.m in Sources */ = {isa = PBXBuildFile; fileRef = BE7C4BBA14D78C09004A06D6 /* IASKSpecifierValuesViewController.m */; settings = {COMPILER_FLAGS = "-fno-objc-arc"; }; };
		BE7C4BDF14D78C09004A06D6 /* IASKSettingsReader.m in Sources */ = {isa = PBXBuildFile; fileRef = BE7C4BBD14D78C09004A06D6 /* IASKSettingsReader.m */; settings = {COMPILER_FLAGS = "-fno-objc-arc"; }; };
		BE7C4BE014D78C09004A06D6 /* IASKSettingsStore.m in Sources */ = {isa = PBXBuildFile; fileRef = BE7C4BBF14D78C09004A06D6 /* IASKSettingsStore.m */; settings = {COMPILER_FLAGS = "-fno-objc-arc"; }; };
		BE7C4BE114D78C09004A06D6 /* IASKSettingsStoreFile.m in Sources */ = {isa = PBXBuildFile; fileRef = BE7C4BC114D78C09004A06D6 /* IASKSettingsStoreFile.m */; settings = {COMPILER_FLAGS = "-fno-objc-arc"; }; };
		BE7C4BE214D78C09004A06D6 /* IASKSettingsStoreUserDefaults.m in Sources */ = {isa = PBXBuildFile; fileRef = BE7C4BC314D78C09004A06D6 /* IASKSettingsStoreUserDefaults.m */; settings = {COMPILER_FLAGS = "-fno-objc-arc"; }; };
		BE7C4BE314D78C09004A06D6 /* IASKSpecifier.m in Sources */ = {isa = PBXBuildFile; fileRef = BE7C4BC514D78C09004A06D6 /* IASKSpecifier.m */; settings = {COMPILER_FLAGS = "-fno-objc-arc"; }; };
		BE7C4BE414D78C09004A06D6 /* IASKPSSliderSpecifierViewCell.m in Sources */ = {isa = PBXBuildFile; fileRef = BE7C4BC814D78C09004A06D6 /* IASKPSSliderSpecifierViewCell.m */; settings = {COMPILER_FLAGS = "-fno-objc-arc"; }; };
		BE7C4BE514D78C09004A06D6 /* IASKPSTextFieldSpecifierViewCell.m in Sources */ = {isa = PBXBuildFile; fileRef = BE7C4BCA14D78C09004A06D6 /* IASKPSTextFieldSpecifierViewCell.m */; settings = {COMPILER_FLAGS = "-fno-objc-arc"; }; };
		BE7C4BE614D78C09004A06D6 /* IASKPSTitleValueSpecifierViewCell.m in Sources */ = {isa = PBXBuildFile; fileRef = BE7C4BCC14D78C09004A06D6 /* IASKPSTitleValueSpecifierViewCell.m */; settings = {COMPILER_FLAGS = "-fno-objc-arc"; }; };
		BE7C4BE714D78C09004A06D6 /* IASKPSToggleSwitchSpecifierViewCell.m in Sources */ = {isa = PBXBuildFile; fileRef = BE7C4BCE14D78C09004A06D6 /* IASKPSToggleSwitchSpecifierViewCell.m */; settings = {COMPILER_FLAGS = "-fno-objc-arc"; }; };
		BE7C4BE814D78C09004A06D6 /* IASKSlider.m in Sources */ = {isa = PBXBuildFile; fileRef = BE7C4BD014D78C09004A06D6 /* IASKSlider.m */; settings = {COMPILER_FLAGS = "-fno-objc-arc"; }; };
		BE7C4BE914D78C09004A06D6 /* IASKSwitch.m in Sources */ = {isa = PBXBuildFile; fileRef = BE7C4BD214D78C09004A06D6 /* IASKSwitch.m */; settings = {COMPILER_FLAGS = "-fno-objc-arc"; }; };
		BE7C4BEA14D78C09004A06D6 /* IASKTextField.m in Sources */ = {isa = PBXBuildFile; fileRef = BE7C4BD414D78C09004A06D6 /* IASKTextField.m */; settings = {COMPILER_FLAGS = "-fno-objc-arc"; }; };
		BE7C4BEB14D78C09004A06D6 /* IASKAppSettingsView.xib in Resources */ = {isa = PBXBuildFile; fileRef = BE7C4BD614D78C09004A06D6 /* IASKAppSettingsView.xib */; };
		BE7C4BEC14D78C09004A06D6 /* IASKAppSettingsWebView.xib in Resources */ = {isa = PBXBuildFile; fileRef = BE7C4BD714D78C09004A06D6 /* IASKAppSettingsWebView.xib */; };
		BE7C4BED14D78C09004A06D6 /* IASKPSSliderSpecifierViewCell.xib in Resources */ = {isa = PBXBuildFile; fileRef = BE7C4BD814D78C09004A06D6 /* IASKPSSliderSpecifierViewCell.xib */; };
		BE7C4BEE14D78C09004A06D6 /* IASKPSTextFieldSpecifierViewCell.xib in Resources */ = {isa = PBXBuildFile; fileRef = BE7C4BD914D78C09004A06D6 /* IASKPSTextFieldSpecifierViewCell.xib */; };
		BE7C4BEF14D78C09004A06D6 /* IASKPSToggleSwitchSpecifierViewCell.xib in Resources */ = {isa = PBXBuildFile; fileRef = BE7C4BDA14D78C09004A06D6 /* IASKPSToggleSwitchSpecifierViewCell.xib */; };
		BE7C4BF014D78C09004A06D6 /* IASKSpecifierValuesView.xib in Resources */ = {isa = PBXBuildFile; fileRef = BE7C4BDB14D78C09004A06D6 /* IASKSpecifierValuesView.xib */; };
		BE7C4BF314D79A3B004A06D6 /* MainStoryboard_iPhone.storyboard in Resources */ = {isa = PBXBuildFile; fileRef = BE7C4BF114D79A3B004A06D6 /* MainStoryboard_iPhone.storyboard */; };
/* End PBXBuildFile section */

/* Begin PBXFileReference section */
		8417058714C75EA100ACF050 /* SnapFresh.app */ = {isa = PBXFileReference; explicitFileType = wrapper.application; includeInIndex = 0; path = SnapFresh.app; sourceTree = BUILT_PRODUCTS_DIR; };
		8417058B14C75EA100ACF050 /* UIKit.framework */ = {isa = PBXFileReference; lastKnownFileType = wrapper.framework; name = UIKit.framework; path = System/Library/Frameworks/UIKit.framework; sourceTree = SDKROOT; };
		8417058D14C75EA100ACF050 /* Foundation.framework */ = {isa = PBXFileReference; lastKnownFileType = wrapper.framework; name = Foundation.framework; path = System/Library/Frameworks/Foundation.framework; sourceTree = SDKROOT; };
		8417058F14C75EA100ACF050 /* CoreGraphics.framework */ = {isa = PBXFileReference; lastKnownFileType = wrapper.framework; name = CoreGraphics.framework; path = System/Library/Frameworks/CoreGraphics.framework; sourceTree = SDKROOT; };
		8417059314C75EA100ACF050 /* SnapFresh-Info.plist */ = {isa = PBXFileReference; lastKnownFileType = text.plist.xml; path = "SnapFresh-Info.plist"; sourceTree = "<group>"; };
		8417059514C75EA100ACF050 /* en */ = {isa = PBXFileReference; lastKnownFileType = text.plist.strings; name = en; path = en.lproj/InfoPlist.strings; sourceTree = "<group>"; };
		8417059714C75EA100ACF050 /* main.m */ = {isa = PBXFileReference; lastKnownFileType = sourcecode.c.objc; path = main.m; sourceTree = "<group>"; };
		8417059914C75EA100ACF050 /* SnapFresh-Prefix.pch */ = {isa = PBXFileReference; lastKnownFileType = sourcecode.c.h; path = "SnapFresh-Prefix.pch"; sourceTree = "<group>"; };
		8417059A14C75EA100ACF050 /* AppDelegate.h */ = {isa = PBXFileReference; lastKnownFileType = sourcecode.c.h; path = AppDelegate.h; sourceTree = "<group>"; };
		8417059B14C75EA100ACF050 /* AppDelegate.m */ = {isa = PBXFileReference; lastKnownFileType = sourcecode.c.objc; path = AppDelegate.m; sourceTree = "<group>"; };
		8417059E14C75EA100ACF050 /* en */ = {isa = PBXFileReference; lastKnownFileType = file.storyboard; name = en; path = en.lproj/MainStoryboard_iPad.storyboard; sourceTree = "<group>"; };
		841705AB14C760D200ACF050 /* MapKit.framework */ = {isa = PBXFileReference; lastKnownFileType = wrapper.framework; name = MapKit.framework; path = System/Library/Frameworks/MapKit.framework; sourceTree = SDKROOT; };
		841705BD14C7688500ACF050 /* SystemConfiguration.framework */ = {isa = PBXFileReference; lastKnownFileType = wrapper.framework; name = SystemConfiguration.framework; path = System/Library/Frameworks/SystemConfiguration.framework; sourceTree = SDKROOT; };
		841705C414C76D8B00ACF050 /* CoreLocation.framework */ = {isa = PBXFileReference; lastKnownFileType = wrapper.framework; name = CoreLocation.framework; path = System/Library/Frameworks/CoreLocation.framework; sourceTree = SDKROOT; };
		8417068A14C8B41200ACF050 /* SnapRetailer.h */ = {isa = PBXFileReference; fileEncoding = 4; lastKnownFileType = sourcecode.c.h; path = SnapRetailer.h; sourceTree = "<group>"; };
		8417068B14C8B41200ACF050 /* SnapRetailer.m */ = {isa = PBXFileReference; fileEncoding = 4; lastKnownFileType = sourcecode.c.objc; path = SnapRetailer.m; sourceTree = "<group>"; };
		842298A114CA146600D84986 /* AddressBookUI.framework */ = {isa = PBXFileReference; lastKnownFileType = wrapper.framework; name = AddressBookUI.framework; path = System/Library/Frameworks/AddressBookUI.framework; sourceTree = SDKROOT; };
		84494D7614CB93EE0018133C /* MessageUI.framework */ = {isa = PBXFileReference; lastKnownFileType = wrapper.framework; name = MessageUI.framework; path = System/Library/Frameworks/MessageUI.framework; sourceTree = SDKROOT; };
		84494D7914CB9BBE0018133C /* InAppSettings.bundle */ = {isa = PBXFileReference; lastKnownFileType = "wrapper.plug-in"; path = InAppSettings.bundle; sourceTree = "<group>"; };
		84AFF097152C1D72007F4534 /* snap.png */ = {isa = PBXFileReference; lastKnownFileType = image.png; name = snap.png; path = Images/snap.png; sourceTree = "<group>"; };
		84AFF099152C202D007F4534 /* snap@2x.png */ = {isa = PBXFileReference; lastKnownFileType = image.png; name = "snap@2x.png"; path = "Images/snap@2x.png"; sourceTree = "<group>"; };
		84AFF0A7152C2F23007F4534 /* location.png */ = {isa = PBXFileReference; lastKnownFileType = image.png; name = location.png; path = Images/location.png; sourceTree = "<group>"; };
		84AFF0A8152C2F23007F4534 /* location@2x.png */ = {isa = PBXFileReference; lastKnownFileType = image.png; name = "location@2x.png"; path = "Images/location@2x.png"; sourceTree = "<group>"; };
		84AFF0AB152C38BA007F4534 /* Icon.png */ = {isa = PBXFileReference; lastKnownFileType = image.png; name = Icon.png; path = Images/Icon.png; sourceTree = "<group>"; };
		84AFF0AC152C38BA007F4534 /* Icon@2x.png */ = {isa = PBXFileReference; lastKnownFileType = image.png; name = "Icon@2x.png"; path = "Images/Icon@2x.png"; sourceTree = "<group>"; };
		84AFF0AF152C48DB007F4534 /* yelp_logo.png */ = {isa = PBXFileReference; lastKnownFileType = image.png; name = yelp_logo.png; path = Images/yelp_logo.png; sourceTree = "<group>"; };
		84AFF0B0152C48DB007F4534 /* yelp_logo@2x.png */ = {isa = PBXFileReference; lastKnownFileType = image.png; name = "yelp_logo@2x.png"; path = "Images/yelp_logo@2x.png"; sourceTree = "<group>"; };
		84AFF0B3152C4A02007F4534 /* Icon-72.png */ = {isa = PBXFileReference; lastKnownFileType = image.png; name = "Icon-72.png"; path = "Images/Icon-72.png"; sourceTree = "<group>"; };
		84C89E3D14CCEE6000F68CE0 /* licenses.html */ = {isa = PBXFileReference; fileEncoding = 4; lastKnownFileType = text.html; path = licenses.html; sourceTree = "<group>"; };
		84C89E8814CF413600F68CE0 /* README.markdown */ = {isa = PBXFileReference; fileEncoding = 4; lastKnownFileType = text; path = README.markdown; sourceTree = "<group>"; };
		84C89E9514CF6EBC00F68CE0 /* snaplogo.png */ = {isa = PBXFileReference; lastKnownFileType = image.png; name = snaplogo.png; path = Images/snaplogo.png; sourceTree = "<group>"; };
		84C89EBC14D4D6FC00F68CE0 /* ListViewController.h */ = {isa = PBXFileReference; fileEncoding = 4; lastKnownFileType = sourcecode.c.h; path = ListViewController.h; sourceTree = "<group>"; };
		84C89EBD14D4D6FC00F68CE0 /* ListViewController.m */ = {isa = PBXFileReference; fileEncoding = 4; lastKnownFileType = sourcecode.c.objc; path = ListViewController.m; sourceTree = "<group>"; };
		84C89EBE14D4D6FC00F68CE0 /* MapViewController.h */ = {isa = PBXFileReference; fileEncoding = 4; lastKnownFileType = sourcecode.c.h; path = MapViewController.h; sourceTree = "<group>"; };
		84C89EBF14D4D6FC00F68CE0 /* MapViewController.m */ = {isa = PBXFileReference; fileEncoding = 4; lastKnownFileType = sourcecode.c.objc; path = MapViewController.m; sourceTree = "<group>"; };
		84D96C4F152CA0D300C7CA02 /* snapfreshlogo@2x.png */ = {isa = PBXFileReference; lastKnownFileType = image.png; name = "snapfreshlogo@2x.png"; path = "Images/snapfreshlogo@2x.png"; sourceTree = "<group>"; };
		84DE528E14C949E50023073E /* snapfreshlogo.png */ = {isa = PBXFileReference; lastKnownFileType = image.png; name = snapfreshlogo.png; path = Images/snapfreshlogo.png; sourceTree = "<group>"; };
		BE108572152CBEEB0015A268 /* Icon-29.png */ = {isa = PBXFileReference; lastKnownFileType = image.png; name = "Icon-29.png"; path = "Images/Icon-29.png"; sourceTree = "<group>"; };
		BE108573152CBEEB0015A268 /* Icon-29@2x.png */ = {isa = PBXFileReference; lastKnownFileType = image.png; name = "Icon-29@2x.png"; path = "Images/Icon-29@2x.png"; sourceTree = "<group>"; };
		BE108574152CBEEB0015A268 /* Icon-50.png */ = {isa = PBXFileReference; lastKnownFileType = image.png; name = "Icon-50.png"; path = "Images/Icon-50.png"; sourceTree = "<group>"; };
		BE108575152CBEEB0015A268 /* Icon-50@2x.png */ = {isa = PBXFileReference; lastKnownFileType = image.png; name = "Icon-50@2x.png"; path = "Images/Icon-50@2x.png"; sourceTree = "<group>"; };
		BE108576152CBEEB0015A268 /* Icon-72@2x.png */ = {isa = PBXFileReference; lastKnownFileType = image.png; name = "Icon-72@2x.png"; path = "Images/Icon-72@2x.png"; sourceTree = "<group>"; };
		BE108588152CC91A0015A268 /* Default-Portrait~ipad.png */ = {isa = PBXFileReference; lastKnownFileType = image.png; name = "Default-Portrait~ipad.png"; path = "Images/Default-Portrait~ipad.png"; sourceTree = "<group>"; };
		BE10858A152CCA450015A268 /* Default.png */ = {isa = PBXFileReference; lastKnownFileType = image.png; name = Default.png; path = Images/Default.png; sourceTree = "<group>"; };
		BE10858C152CCB1A0015A268 /* Default-Landscape~ipad.png */ = {isa = PBXFileReference; lastKnownFileType = image.png; name = "Default-Landscape~ipad.png"; path = "Images/Default-Landscape~ipad.png"; sourceTree = "<group>"; };
		BE7C4BB514D78C09004A06D6 /* IASKAppSettingsViewController.h */ = {isa = PBXFileReference; fileEncoding = 4; lastKnownFileType = sourcecode.c.h; path = IASKAppSettingsViewController.h; sourceTree = "<group>"; };
		BE7C4BB614D78C09004A06D6 /* IASKAppSettingsViewController.m */ = {isa = PBXFileReference; fileEncoding = 4; lastKnownFileType = sourcecode.c.objc; path = IASKAppSettingsViewController.m; sourceTree = "<group>"; };
		BE7C4BB714D78C09004A06D6 /* IASKAppSettingsWebViewController.h */ = {isa = PBXFileReference; fileEncoding = 4; lastKnownFileType = sourcecode.c.h; path = IASKAppSettingsWebViewController.h; sourceTree = "<group>"; };
		BE7C4BB814D78C09004A06D6 /* IASKAppSettingsWebViewController.m */ = {isa = PBXFileReference; fileEncoding = 4; lastKnownFileType = sourcecode.c.objc; path = IASKAppSettingsWebViewController.m; sourceTree = "<group>"; };
		BE7C4BB914D78C09004A06D6 /* IASKSpecifierValuesViewController.h */ = {isa = PBXFileReference; fileEncoding = 4; lastKnownFileType = sourcecode.c.h; path = IASKSpecifierValuesViewController.h; sourceTree = "<group>"; };
		BE7C4BBA14D78C09004A06D6 /* IASKSpecifierValuesViewController.m */ = {isa = PBXFileReference; fileEncoding = 4; lastKnownFileType = sourcecode.c.objc; path = IASKSpecifierValuesViewController.m; sourceTree = "<group>"; };
		BE7C4BBC14D78C09004A06D6 /* IASKSettingsReader.h */ = {isa = PBXFileReference; fileEncoding = 4; lastKnownFileType = sourcecode.c.h; path = IASKSettingsReader.h; sourceTree = "<group>"; };
		BE7C4BBD14D78C09004A06D6 /* IASKSettingsReader.m */ = {isa = PBXFileReference; fileEncoding = 4; lastKnownFileType = sourcecode.c.objc; path = IASKSettingsReader.m; sourceTree = "<group>"; };
		BE7C4BBE14D78C09004A06D6 /* IASKSettingsStore.h */ = {isa = PBXFileReference; fileEncoding = 4; lastKnownFileType = sourcecode.c.h; path = IASKSettingsStore.h; sourceTree = "<group>"; };
		BE7C4BBF14D78C09004A06D6 /* IASKSettingsStore.m */ = {isa = PBXFileReference; fileEncoding = 4; lastKnownFileType = sourcecode.c.objc; path = IASKSettingsStore.m; sourceTree = "<group>"; };
		BE7C4BC014D78C09004A06D6 /* IASKSettingsStoreFile.h */ = {isa = PBXFileReference; fileEncoding = 4; lastKnownFileType = sourcecode.c.h; path = IASKSettingsStoreFile.h; sourceTree = "<group>"; };
		BE7C4BC114D78C09004A06D6 /* IASKSettingsStoreFile.m */ = {isa = PBXFileReference; fileEncoding = 4; lastKnownFileType = sourcecode.c.objc; path = IASKSettingsStoreFile.m; sourceTree = "<group>"; };
		BE7C4BC214D78C09004A06D6 /* IASKSettingsStoreUserDefaults.h */ = {isa = PBXFileReference; fileEncoding = 4; lastKnownFileType = sourcecode.c.h; path = IASKSettingsStoreUserDefaults.h; sourceTree = "<group>"; };
		BE7C4BC314D78C09004A06D6 /* IASKSettingsStoreUserDefaults.m */ = {isa = PBXFileReference; fileEncoding = 4; lastKnownFileType = sourcecode.c.objc; path = IASKSettingsStoreUserDefaults.m; sourceTree = "<group>"; };
		BE7C4BC414D78C09004A06D6 /* IASKSpecifier.h */ = {isa = PBXFileReference; fileEncoding = 4; lastKnownFileType = sourcecode.c.h; path = IASKSpecifier.h; sourceTree = "<group>"; };
		BE7C4BC514D78C09004A06D6 /* IASKSpecifier.m */ = {isa = PBXFileReference; fileEncoding = 4; lastKnownFileType = sourcecode.c.objc; path = IASKSpecifier.m; sourceTree = "<group>"; };
		BE7C4BC714D78C09004A06D6 /* IASKPSSliderSpecifierViewCell.h */ = {isa = PBXFileReference; fileEncoding = 4; lastKnownFileType = sourcecode.c.h; path = IASKPSSliderSpecifierViewCell.h; sourceTree = "<group>"; };
		BE7C4BC814D78C09004A06D6 /* IASKPSSliderSpecifierViewCell.m */ = {isa = PBXFileReference; fileEncoding = 4; lastKnownFileType = sourcecode.c.objc; path = IASKPSSliderSpecifierViewCell.m; sourceTree = "<group>"; };
		BE7C4BC914D78C09004A06D6 /* IASKPSTextFieldSpecifierViewCell.h */ = {isa = PBXFileReference; fileEncoding = 4; lastKnownFileType = sourcecode.c.h; path = IASKPSTextFieldSpecifierViewCell.h; sourceTree = "<group>"; };
		BE7C4BCA14D78C09004A06D6 /* IASKPSTextFieldSpecifierViewCell.m */ = {isa = PBXFileReference; fileEncoding = 4; lastKnownFileType = sourcecode.c.objc; path = IASKPSTextFieldSpecifierViewCell.m; sourceTree = "<group>"; };
		BE7C4BCB14D78C09004A06D6 /* IASKPSTitleValueSpecifierViewCell.h */ = {isa = PBXFileReference; fileEncoding = 4; lastKnownFileType = sourcecode.c.h; path = IASKPSTitleValueSpecifierViewCell.h; sourceTree = "<group>"; };
		BE7C4BCC14D78C09004A06D6 /* IASKPSTitleValueSpecifierViewCell.m */ = {isa = PBXFileReference; fileEncoding = 4; lastKnownFileType = sourcecode.c.objc; path = IASKPSTitleValueSpecifierViewCell.m; sourceTree = "<group>"; };
		BE7C4BCD14D78C09004A06D6 /* IASKPSToggleSwitchSpecifierViewCell.h */ = {isa = PBXFileReference; fileEncoding = 4; lastKnownFileType = sourcecode.c.h; path = IASKPSToggleSwitchSpecifierViewCell.h; sourceTree = "<group>"; };
		BE7C4BCE14D78C09004A06D6 /* IASKPSToggleSwitchSpecifierViewCell.m */ = {isa = PBXFileReference; fileEncoding = 4; lastKnownFileType = sourcecode.c.objc; path = IASKPSToggleSwitchSpecifierViewCell.m; sourceTree = "<group>"; };
		BE7C4BCF14D78C09004A06D6 /* IASKSlider.h */ = {isa = PBXFileReference; fileEncoding = 4; lastKnownFileType = sourcecode.c.h; path = IASKSlider.h; sourceTree = "<group>"; };
		BE7C4BD014D78C09004A06D6 /* IASKSlider.m */ = {isa = PBXFileReference; fileEncoding = 4; lastKnownFileType = sourcecode.c.objc; path = IASKSlider.m; sourceTree = "<group>"; };
		BE7C4BD114D78C09004A06D6 /* IASKSwitch.h */ = {isa = PBXFileReference; fileEncoding = 4; lastKnownFileType = sourcecode.c.h; path = IASKSwitch.h; sourceTree = "<group>"; };
		BE7C4BD214D78C09004A06D6 /* IASKSwitch.m */ = {isa = PBXFileReference; fileEncoding = 4; lastKnownFileType = sourcecode.c.objc; path = IASKSwitch.m; sourceTree = "<group>"; };
		BE7C4BD314D78C09004A06D6 /* IASKTextField.h */ = {isa = PBXFileReference; fileEncoding = 4; lastKnownFileType = sourcecode.c.h; path = IASKTextField.h; sourceTree = "<group>"; };
		BE7C4BD414D78C09004A06D6 /* IASKTextField.m */ = {isa = PBXFileReference; fileEncoding = 4; lastKnownFileType = sourcecode.c.objc; path = IASKTextField.m; sourceTree = "<group>"; };
		BE7C4BD614D78C09004A06D6 /* IASKAppSettingsView.xib */ = {isa = PBXFileReference; fileEncoding = 4; lastKnownFileType = file.xib; path = IASKAppSettingsView.xib; sourceTree = "<group>"; };
		BE7C4BD714D78C09004A06D6 /* IASKAppSettingsWebView.xib */ = {isa = PBXFileReference; fileEncoding = 4; lastKnownFileType = file.xib; path = IASKAppSettingsWebView.xib; sourceTree = "<group>"; };
		BE7C4BD814D78C09004A06D6 /* IASKPSSliderSpecifierViewCell.xib */ = {isa = PBXFileReference; fileEncoding = 4; lastKnownFileType = file.xib; path = IASKPSSliderSpecifierViewCell.xib; sourceTree = "<group>"; };
		BE7C4BD914D78C09004A06D6 /* IASKPSTextFieldSpecifierViewCell.xib */ = {isa = PBXFileReference; fileEncoding = 4; lastKnownFileType = file.xib; path = IASKPSTextFieldSpecifierViewCell.xib; sourceTree = "<group>"; };
		BE7C4BDA14D78C09004A06D6 /* IASKPSToggleSwitchSpecifierViewCell.xib */ = {isa = PBXFileReference; fileEncoding = 4; lastKnownFileType = file.xib; path = IASKPSToggleSwitchSpecifierViewCell.xib; sourceTree = "<group>"; };
		BE7C4BDB14D78C09004A06D6 /* IASKSpecifierValuesView.xib */ = {isa = PBXFileReference; fileEncoding = 4; lastKnownFileType = file.xib; path = IASKSpecifierValuesView.xib; sourceTree = "<group>"; };
		BE7C4BF214D79A3B004A06D6 /* en */ = {isa = PBXFileReference; lastKnownFileType = file.storyboard; name = en; path = en.lproj/MainStoryboard_iPhone.storyboard; sourceTree = "<group>"; };
/* End PBXFileReference section */

/* Begin PBXFrameworksBuildPhase section */
		8417058414C75EA100ACF050 /* Frameworks */ = {
			isa = PBXFrameworksBuildPhase;
			buildActionMask = 2147483647;
			files = (
				84494D7814CB93FE0018133C /* MessageUI.framework in Frameworks */,
				842298A414CA147300D84986 /* AddressBookUI.framework in Frameworks */,
				841705C614C76D9800ACF050 /* CoreLocation.framework in Frameworks */,
				841705AD14C760E100ACF050 /* MapKit.framework in Frameworks */,
				8417058C14C75EA100ACF050 /* UIKit.framework in Frameworks */,
				8417058E14C75EA100ACF050 /* Foundation.framework in Frameworks */,
				8417059014C75EA100ACF050 /* CoreGraphics.framework in Frameworks */,
			);
			runOnlyForDeploymentPostprocessing = 0;
		};
/* End PBXFrameworksBuildPhase section */

/* Begin PBXGroup section */
		8417057C14C75EA100ACF050 = {
			isa = PBXGroup;
			children = (
				84C89E8814CF413600F68CE0 /* README.markdown */,
				84494D7914CB9BBE0018133C /* InAppSettings.bundle */,
				8417059114C75EA100ACF050 /* SnapFresh */,
				8417058A14C75EA100ACF050 /* Frameworks */,
				8417058814C75EA100ACF050 /* Products */,
			);
			sourceTree = "<group>";
		};
		8417058814C75EA100ACF050 /* Products */ = {
			isa = PBXGroup;
			children = (
				8417058714C75EA100ACF050 /* SnapFresh.app */,
			);
			name = Products;
			sourceTree = "<group>";
		};
		8417058A14C75EA100ACF050 /* Frameworks */ = {
			isa = PBXGroup;
			children = (
				84494D7614CB93EE0018133C /* MessageUI.framework */,
				842298A114CA146600D84986 /* AddressBookUI.framework */,
				841705C414C76D8B00ACF050 /* CoreLocation.framework */,
				841705BD14C7688500ACF050 /* SystemConfiguration.framework */,
				841705AB14C760D200ACF050 /* MapKit.framework */,
				8417058B14C75EA100ACF050 /* UIKit.framework */,
				8417058D14C75EA100ACF050 /* Foundation.framework */,
				8417058F14C75EA100ACF050 /* CoreGraphics.framework */,
			);
			name = Frameworks;
			sourceTree = "<group>";
		};
		8417059114C75EA100ACF050 /* SnapFresh */ = {
			isa = PBXGroup;
			children = (
				BE7C4BB314D78C09004A06D6 /* InAppSettingsKit */,
				8417059A14C75EA100ACF050 /* AppDelegate.h */,
				8417059B14C75EA100ACF050 /* AppDelegate.m */,
				84C89EBC14D4D6FC00F68CE0 /* ListViewController.h */,
				84C89EBD14D4D6FC00F68CE0 /* ListViewController.m */,
				8417059D14C75EA100ACF050 /* MainStoryboard_iPad.storyboard */,
				BE7C4BF114D79A3B004A06D6 /* MainStoryboard_iPhone.storyboard */,
				84C89EBE14D4D6FC00F68CE0 /* MapViewController.h */,
				84C89EBF14D4D6FC00F68CE0 /* MapViewController.m */,
				8417068A14C8B41200ACF050 /* SnapRetailer.h */,
				8417068B14C8B41200ACF050 /* SnapRetailer.m */,
				8417059214C75EA100ACF050 /* Supporting Files */,
			);
			path = SnapFresh;
			sourceTree = "<group>";
		};
		8417059214C75EA100ACF050 /* Supporting Files */ = {
			isa = PBXGroup;
			children = (
				84DE528C14C9494C0023073E /* Images */,
				8417059314C75EA100ACF050 /* SnapFresh-Info.plist */,
				8417059414C75EA100ACF050 /* InfoPlist.strings */,
				84C89E3D14CCEE6000F68CE0 /* licenses.html */,
				8417059714C75EA100ACF050 /* main.m */,
				8417059914C75EA100ACF050 /* SnapFresh-Prefix.pch */,
			);
			name = "Supporting Files";
			sourceTree = "<group>";
		};
		84DE528C14C9494C0023073E /* Images */ = {
			isa = PBXGroup;
			children = (
				BE10858A152CCA450015A268 /* Default.png */,
				BE10858C152CCB1A0015A268 /* Default-Landscape~ipad.png */,
				BE108588152CC91A0015A268 /* Default-Portrait~ipad.png */,
				84AFF0AB152C38BA007F4534 /* Icon.png */,
				84AFF0AC152C38BA007F4534 /* Icon@2x.png */,
				BE108572152CBEEB0015A268 /* Icon-29.png */,
				BE108573152CBEEB0015A268 /* Icon-29@2x.png */,
				BE108574152CBEEB0015A268 /* Icon-50.png */,
				BE108575152CBEEB0015A268 /* Icon-50@2x.png */,
				BE108576152CBEEB0015A268 /* Icon-72@2x.png */,
				84AFF0B3152C4A02007F4534 /* Icon-72.png */,
				84AFF0A7152C2F23007F4534 /* location.png */,
				84AFF0A8152C2F23007F4534 /* location@2x.png */,
				84AFF097152C1D72007F4534 /* snap.png */,
				84AFF099152C202D007F4534 /* snap@2x.png */,
				84DE528E14C949E50023073E /* snapfreshlogo.png */,
				84D96C4F152CA0D300C7CA02 /* snapfreshlogo@2x.png */,
				84C89E9514CF6EBC00F68CE0 /* snaplogo.png */,
				84AFF0AF152C48DB007F4534 /* yelp_logo.png */,
				84AFF0B0152C48DB007F4534 /* yelp_logo@2x.png */,
			);
			name = Images;
			sourceTree = "<group>";
		};
		BE7C4BB314D78C09004A06D6 /* InAppSettingsKit */ = {
			isa = PBXGroup;
			children = (
				BE7C4BB414D78C09004A06D6 /* Controllers */,
				BE7C4BBB14D78C09004A06D6 /* Models */,
				BE7C4BC614D78C09004A06D6 /* Views */,
				BE7C4BD514D78C09004A06D6 /* Xibs */,
			);
			name = InAppSettingsKit;
			path = InAppSettingsKit/InAppSettingsKit;
			sourceTree = SOURCE_ROOT;
		};
		BE7C4BB414D78C09004A06D6 /* Controllers */ = {
			isa = PBXGroup;
			children = (
				BE7C4BB514D78C09004A06D6 /* IASKAppSettingsViewController.h */,
				BE7C4BB614D78C09004A06D6 /* IASKAppSettingsViewController.m */,
				BE7C4BB714D78C09004A06D6 /* IASKAppSettingsWebViewController.h */,
				BE7C4BB814D78C09004A06D6 /* IASKAppSettingsWebViewController.m */,
				BE7C4BB914D78C09004A06D6 /* IASKSpecifierValuesViewController.h */,
				BE7C4BBA14D78C09004A06D6 /* IASKSpecifierValuesViewController.m */,
			);
			path = Controllers;
			sourceTree = "<group>";
		};
		BE7C4BBB14D78C09004A06D6 /* Models */ = {
			isa = PBXGroup;
			children = (
				BE7C4BBC14D78C09004A06D6 /* IASKSettingsReader.h */,
				BE7C4BBD14D78C09004A06D6 /* IASKSettingsReader.m */,
				BE7C4BBE14D78C09004A06D6 /* IASKSettingsStore.h */,
				BE7C4BBF14D78C09004A06D6 /* IASKSettingsStore.m */,
				BE7C4BC014D78C09004A06D6 /* IASKSettingsStoreFile.h */,
				BE7C4BC114D78C09004A06D6 /* IASKSettingsStoreFile.m */,
				BE7C4BC214D78C09004A06D6 /* IASKSettingsStoreUserDefaults.h */,
				BE7C4BC314D78C09004A06D6 /* IASKSettingsStoreUserDefaults.m */,
				BE7C4BC414D78C09004A06D6 /* IASKSpecifier.h */,
				BE7C4BC514D78C09004A06D6 /* IASKSpecifier.m */,
			);
			path = Models;
			sourceTree = "<group>";
		};
		BE7C4BC614D78C09004A06D6 /* Views */ = {
			isa = PBXGroup;
			children = (
				BE7C4BC714D78C09004A06D6 /* IASKPSSliderSpecifierViewCell.h */,
				BE7C4BC814D78C09004A06D6 /* IASKPSSliderSpecifierViewCell.m */,
				BE7C4BC914D78C09004A06D6 /* IASKPSTextFieldSpecifierViewCell.h */,
				BE7C4BCA14D78C09004A06D6 /* IASKPSTextFieldSpecifierViewCell.m */,
				BE7C4BCB14D78C09004A06D6 /* IASKPSTitleValueSpecifierViewCell.h */,
				BE7C4BCC14D78C09004A06D6 /* IASKPSTitleValueSpecifierViewCell.m */,
				BE7C4BCD14D78C09004A06D6 /* IASKPSToggleSwitchSpecifierViewCell.h */,
				BE7C4BCE14D78C09004A06D6 /* IASKPSToggleSwitchSpecifierViewCell.m */,
				BE7C4BCF14D78C09004A06D6 /* IASKSlider.h */,
				BE7C4BD014D78C09004A06D6 /* IASKSlider.m */,
				BE7C4BD114D78C09004A06D6 /* IASKSwitch.h */,
				BE7C4BD214D78C09004A06D6 /* IASKSwitch.m */,
				BE7C4BD314D78C09004A06D6 /* IASKTextField.h */,
				BE7C4BD414D78C09004A06D6 /* IASKTextField.m */,
			);
			path = Views;
			sourceTree = "<group>";
		};
		BE7C4BD514D78C09004A06D6 /* Xibs */ = {
			isa = PBXGroup;
			children = (
				BE7C4BD614D78C09004A06D6 /* IASKAppSettingsView.xib */,
				BE7C4BD714D78C09004A06D6 /* IASKAppSettingsWebView.xib */,
				BE7C4BD814D78C09004A06D6 /* IASKPSSliderSpecifierViewCell.xib */,
				BE7C4BD914D78C09004A06D6 /* IASKPSTextFieldSpecifierViewCell.xib */,
				BE7C4BDA14D78C09004A06D6 /* IASKPSToggleSwitchSpecifierViewCell.xib */,
				BE7C4BDB14D78C09004A06D6 /* IASKSpecifierValuesView.xib */,
			);
			path = Xibs;
			sourceTree = "<group>";
		};
/* End PBXGroup section */

/* Begin PBXNativeTarget section */
		8417058614C75EA100ACF050 /* SnapFresh */ = {
			isa = PBXNativeTarget;
			buildConfigurationList = 841705A814C75EA100ACF050 /* Build configuration list for PBXNativeTarget "SnapFresh" */;
			buildPhases = (
				8417058314C75EA100ACF050 /* Sources */,
				8417058414C75EA100ACF050 /* Frameworks */,
				8417058514C75EA100ACF050 /* Resources */,
			);
			buildRules = (
			);
			dependencies = (
			);
			name = SnapFresh;
			productName = SnapFresh;
			productReference = 8417058714C75EA100ACF050 /* SnapFresh.app */;
			productType = "com.apple.product-type.application";
		};
/* End PBXNativeTarget section */

/* Begin PBXProject section */
		8417057E14C75EA100ACF050 /* Project object */ = {
			isa = PBXProject;
			attributes = {
				LastUpgradeCheck = 0420;
				ORGANIZATIONNAME = shrtlist.com;
			};
			buildConfigurationList = 8417058114C75EA100ACF050 /* Build configuration list for PBXProject "SnapFresh" */;
			compatibilityVersion = "Xcode 3.2";
			developmentRegion = English;
			hasScannedForEncodings = 0;
			knownRegions = (
				en,
				English,
				French,
				German,
			);
			mainGroup = 8417057C14C75EA100ACF050;
			productRefGroup = 8417058814C75EA100ACF050 /* Products */;
			projectDirPath = "";
			projectRoot = "";
			targets = (
				8417058614C75EA100ACF050 /* SnapFresh */,
			);
		};
/* End PBXProject section */

/* Begin PBXResourcesBuildPhase section */
		8417058514C75EA100ACF050 /* Resources */ = {
			isa = PBXResourcesBuildPhase;
			buildActionMask = 2147483647;
			files = (
				8417059614C75EA100ACF050 /* InfoPlist.strings in Resources */,
				8417059F14C75EA100ACF050 /* MainStoryboard_iPad.storyboard in Resources */,
				84DE528F14C949E50023073E /* snapfreshlogo.png in Resources */,
				84494D7A14CB9BBE0018133C /* InAppSettings.bundle in Resources */,
				84C89E3E14CCEE6000F68CE0 /* licenses.html in Resources */,
				84C89E8914CF413600F68CE0 /* README.markdown in Resources */,
				84C89E9614CF6EBC00F68CE0 /* snaplogo.png in Resources */,
				BE7C4BEB14D78C09004A06D6 /* IASKAppSettingsView.xib in Resources */,
				BE7C4BEC14D78C09004A06D6 /* IASKAppSettingsWebView.xib in Resources */,
				BE7C4BED14D78C09004A06D6 /* IASKPSSliderSpecifierViewCell.xib in Resources */,
				BE7C4BEE14D78C09004A06D6 /* IASKPSTextFieldSpecifierViewCell.xib in Resources */,
				BE7C4BEF14D78C09004A06D6 /* IASKPSToggleSwitchSpecifierViewCell.xib in Resources */,
				BE7C4BF014D78C09004A06D6 /* IASKSpecifierValuesView.xib in Resources */,
				BE7C4BF314D79A3B004A06D6 /* MainStoryboard_iPhone.storyboard in Resources */,
				84AFF098152C1D72007F4534 /* snap.png in Resources */,
				84AFF09A152C202D007F4534 /* snap@2x.png in Resources */,
				84AFF0A9152C2F23007F4534 /* location.png in Resources */,
				84AFF0AA152C2F23007F4534 /* location@2x.png in Resources */,
				84AFF0AD152C38BA007F4534 /* Icon.png in Resources */,
				84AFF0AE152C38BA007F4534 /* Icon@2x.png in Resources */,
				84AFF0B1152C48DB007F4534 /* yelp_logo.png in Resources */,
				84AFF0B2152C48DB007F4534 /* yelp_logo@2x.png in Resources */,
				84AFF0B4152C4A02007F4534 /* Icon-72.png in Resources */,
				84D96C50152CA0D300C7CA02 /* snapfreshlogo@2x.png in Resources */,
				BE108577152CBEEB0015A268 /* Icon-29.png in Resources */,
				BE108578152CBEEB0015A268 /* Icon-29@2x.png in Resources */,
				BE108579152CBEEB0015A268 /* Icon-50.png in Resources */,
				BE10857A152CBEEB0015A268 /* Icon-50@2x.png in Resources */,
				BE10857B152CBEEB0015A268 /* Icon-72@2x.png in Resources */,
				BE108589152CC91A0015A268 /* Default-Portrait~ipad.png in Resources */,
				BE10858B152CCA450015A268 /* Default.png in Resources */,
				BE10858D152CCB1A0015A268 /* Default-Landscape~ipad.png in Resources */,
			);
			runOnlyForDeploymentPostprocessing = 0;
		};
/* End PBXResourcesBuildPhase section */

/* Begin PBXSourcesBuildPhase section */
		8417058314C75EA100ACF050 /* Sources */ = {
			isa = PBXSourcesBuildPhase;
			buildActionMask = 2147483647;
			files = (
				8417059814C75EA100ACF050 /* main.m in Sources */,
				8417059C14C75EA100ACF050 /* AppDelegate.m in Sources */,
				8417068C14C8B41200ACF050 /* SnapRetailer.m in Sources */,
				84C89EC014D4D6FD00F68CE0 /* ListViewController.m in Sources */,
				84C89EC114D4D6FD00F68CE0 /* MapViewController.m in Sources */,
				BE7C4BDC14D78C09004A06D6 /* IASKAppSettingsViewController.m in Sources */,
				BE7C4BDD14D78C09004A06D6 /* IASKAppSettingsWebViewController.m in Sources */,
				BE7C4BDE14D78C09004A06D6 /* IASKSpecifierValuesViewController.m in Sources */,
				BE7C4BDF14D78C09004A06D6 /* IASKSettingsReader.m in Sources */,
				BE7C4BE014D78C09004A06D6 /* IASKSettingsStore.m in Sources */,
				BE7C4BE114D78C09004A06D6 /* IASKSettingsStoreFile.m in Sources */,
				BE7C4BE214D78C09004A06D6 /* IASKSettingsStoreUserDefaults.m in Sources */,
				BE7C4BE314D78C09004A06D6 /* IASKSpecifier.m in Sources */,
				BE7C4BE414D78C09004A06D6 /* IASKPSSliderSpecifierViewCell.m in Sources */,
				BE7C4BE514D78C09004A06D6 /* IASKPSTextFieldSpecifierViewCell.m in Sources */,
				BE7C4BE614D78C09004A06D6 /* IASKPSTitleValueSpecifierViewCell.m in Sources */,
				BE7C4BE714D78C09004A06D6 /* IASKPSToggleSwitchSpecifierViewCell.m in Sources */,
				BE7C4BE814D78C09004A06D6 /* IASKSlider.m in Sources */,
				BE7C4BE914D78C09004A06D6 /* IASKSwitch.m in Sources */,
				BE7C4BEA14D78C09004A06D6 /* IASKTextField.m in Sources */,
			);
			runOnlyForDeploymentPostprocessing = 0;
		};
/* End PBXSourcesBuildPhase section */

/* Begin PBXVariantGroup section */
		8417059414C75EA100ACF050 /* InfoPlist.strings */ = {
			isa = PBXVariantGroup;
			children = (
				8417059514C75EA100ACF050 /* en */,
			);
			name = InfoPlist.strings;
			sourceTree = "<group>";
		};
		8417059D14C75EA100ACF050 /* MainStoryboard_iPad.storyboard */ = {
			isa = PBXVariantGroup;
			children = (
				8417059E14C75EA100ACF050 /* en */,
			);
			name = MainStoryboard_iPad.storyboard;
			sourceTree = "<group>";
		};
		BE7C4BF114D79A3B004A06D6 /* MainStoryboard_iPhone.storyboard */ = {
			isa = PBXVariantGroup;
			children = (
				BE7C4BF214D79A3B004A06D6 /* en */,
			);
			name = MainStoryboard_iPhone.storyboard;
			sourceTree = "<group>";
		};
/* End PBXVariantGroup section */

/* Begin XCBuildConfiguration section */
		841705A614C75EA100ACF050 /* Debug */ = {
			isa = XCBuildConfiguration;
			buildSettings = {
				ALWAYS_SEARCH_USER_PATHS = NO;
				ARCHS = "$(ARCHS_STANDARD_32_BIT)";
				CLANG_ENABLE_OBJC_ARC = YES;
				"CODE_SIGN_IDENTITY[sdk=iphoneos*]" = "iPhone Developer";
				COPY_PHASE_STRIP = NO;
				GCC_C_LANGUAGE_STANDARD = gnu99;
				GCC_DYNAMIC_NO_PIC = NO;
				GCC_OPTIMIZATION_LEVEL = 0;
				GCC_PREPROCESSOR_DEFINITIONS = (
					"DEBUG=1",
					"$(inherited)",
				);
				GCC_SYMBOLS_PRIVATE_EXTERN = NO;
				GCC_VERSION = com.apple.compilers.llvm.clang.1_0;
				GCC_WARN_ABOUT_MISSING_PROTOTYPES = YES;
				GCC_WARN_ABOUT_RETURN_TYPE = YES;
				GCC_WARN_UNUSED_VARIABLE = YES;
				IPHONEOS_DEPLOYMENT_TARGET = 5.0;
				SDKROOT = iphoneos;
				TARGETED_DEVICE_FAMILY = 2;
			};
			name = Debug;
		};
		841705A714C75EA100ACF050 /* Release */ = {
			isa = XCBuildConfiguration;
			buildSettings = {
				ALWAYS_SEARCH_USER_PATHS = NO;
				ARCHS = "$(ARCHS_STANDARD_32_BIT)";
				CLANG_ENABLE_OBJC_ARC = YES;
				"CODE_SIGN_IDENTITY[sdk=iphoneos*]" = "iPhone Distribution";
				COPY_PHASE_STRIP = YES;
				GCC_C_LANGUAGE_STANDARD = gnu99;
				GCC_VERSION = com.apple.compilers.llvm.clang.1_0;
				GCC_WARN_ABOUT_MISSING_PROTOTYPES = YES;
				GCC_WARN_ABOUT_RETURN_TYPE = YES;
				GCC_WARN_UNUSED_VARIABLE = YES;
				IPHONEOS_DEPLOYMENT_TARGET = 5.0;
				OTHER_CFLAGS = "-DNS_BLOCK_ASSERTIONS=1";
				"PROVISIONING_PROFILE[sdk=iphoneos*]" = "";
				SDKROOT = iphoneos;
				TARGETED_DEVICE_FAMILY = 2;
				VALIDATE_PRODUCT = YES;
			};
			name = Release;
		};
		841705A914C75EA100ACF050 /* Debug */ = {
			isa = XCBuildConfiguration;
			buildSettings = {
				GCC_PRECOMPILE_PREFIX_HEADER = YES;
				GCC_PREFIX_HEADER = "SnapFresh/SnapFresh-Prefix.pch";
				INFOPLIST_FILE = "SnapFresh/SnapFresh-Info.plist";
				PRODUCT_NAME = "$(TARGET_NAME)";
				TARGETED_DEVICE_FAMILY = "1,2";
				WRAPPER_EXTENSION = app;
			};
			name = Debug;
		};
		841705AA14C75EA100ACF050 /* Release */ = {
			isa = XCBuildConfiguration;
			buildSettings = {
				GCC_PRECOMPILE_PREFIX_HEADER = YES;
				GCC_PREFIX_HEADER = "SnapFresh/SnapFresh-Prefix.pch";
				INFOPLIST_FILE = "SnapFresh/SnapFresh-Info.plist";
				PRODUCT_NAME = "$(TARGET_NAME)";
				TARGETED_DEVICE_FAMILY = "1,2";
				WRAPPER_EXTENSION = app;
			};
			name = Release;
		};
/* End XCBuildConfiguration section */

/* Begin XCConfigurationList section */
		8417058114C75EA100ACF050 /* Build configuration list for PBXProject "SnapFresh" */ = {
			isa = XCConfigurationList;
			buildConfigurations = (
				841705A614C75EA100ACF050 /* Debug */,
				841705A714C75EA100ACF050 /* Release */,
			);
			defaultConfigurationIsVisible = 0;
			defaultConfigurationName = Release;
		};
		841705A814C75EA100ACF050 /* Build configuration list for PBXNativeTarget "SnapFresh" */ = {
			isa = XCConfigurationList;
			buildConfigurations = (
				841705A914C75EA100ACF050 /* Debug */,
				841705AA14C75EA100ACF050 /* Release */,
			);
			defaultConfigurationIsVisible = 0;
			defaultConfigurationName = Release;
		};
/* End XCConfigurationList section */
	};
	rootObject = 8417057E14C75EA100ACF050 /* Project object */;
}
